
Microsoft Visual Studio Solution File, Format Version 12.00
# Visual Studio Version 16
VisualStudioVersion = 16.0.30114.105
MinimumVisualStudioVersion = 10.0.40219.1
Project("{2150E333-8FDC-42A3-9474-1A3956D46DE8}") = "Solution Items", "Solution Items", "{6555ED9A-03CD-47C8-BD60-B1F87E2BF21E}"
	ProjectSection(SolutionItems) = preProject
		Directory.Build.props = Directory.Build.props
		README.MD = README.MD
		RELEASES.MD = RELEASES.MD
		.github\ISSUE_TEMPLATE\feature_request.md = .github\ISSUE_TEMPLATE\feature_request.md
		.github\ISSUE_TEMPLATE\custom.md = .github\ISSUE_TEMPLATE\custom.md
		.github\ISSUE_TEMPLATE\bug_report.md = .github\ISSUE_TEMPLATE\bug_report.md
		.github\workflows\dot-cart.yml = .github\workflows\dot-cart.yml
		nuget.config = nuget.config
		CHANGES.MD = CHANGES.MD
		.gitignore = .gitignore
		.dockerignore = .dockerignore
		LICENSE = LICENSE
		Makefile = Makefile
	EndProjectSection
EndProject
Project("{2150E333-8FDC-42A3-9474-1A3956D46DE8}") = "src", "src", "{0FF5546C-D563-4DF5-BF41-0D5C85C5AF6E}"
EndProject
Project("{FAE04EC0-301F-11D3-BF4B-00C04F79EFBC}") = "DotCart.TestKit", "src\DotCart.TestKit\DotCart.TestKit.csproj", "{DA80A1A2-5281-40D8-8B88-FCC0F65E3F18}"
EndProject
Project("{2150E333-8FDC-42A3-9474-1A3956D46DE8}") = "drivers", "drivers", "{EDEBE9BD-18DC-437E-A7A6-D469A44403AF}"
EndProject
Project("{FAE04EC0-301F-11D3-BF4B-00C04F79EFBC}") = "DotCart.Drivers.ElasticSearch", "drivers\DotCart.Drivers.ElasticSearch\DotCart.Drivers.ElasticSearch.csproj", "{562FCF51-E1F0-4F78-A137-0633ADAB7A59}"
EndProject
Project("{FAE04EC0-301F-11D3-BF4B-00C04F79EFBC}") = "DotCart.Drivers.Ardalis", "drivers\DotCart.Drivers.Ardalis\DotCart.Drivers.Ardalis.csproj", "{DD8116F4-94A1-45B5-9539-301E387351FA}"
EndProject
Project("{FAE04EC0-301F-11D3-BF4B-00C04F79EFBC}") = "DotCart.Drivers.Bogus", "drivers\DotCart.Drivers.Bogus\DotCart.Drivers.Bogus.csproj", "{FCCF7AE8-87B3-4D6E-A19A-1E190F2F7A2F}"
EndProject
Project("{FAE04EC0-301F-11D3-BF4B-00C04F79EFBC}") = "DotCart.Drivers.EventStoreDB", "drivers\DotCart.Drivers.EventStoreDB\DotCart.Drivers.EventStoreDB.csproj", "{BE2939A4-8964-41E4-B0E8-CD2090585F5F}"
EndProject
Project("{FAE04EC0-301F-11D3-BF4B-00C04F79EFBC}") = "DotCart.Drivers.Microsoft", "drivers\DotCart.Drivers.Microsoft\DotCart.Drivers.Microsoft.csproj", "{1DBB30A7-AFE3-4107-AFB2-E6BEC8A2E871}"
EndProject
Project("{FAE04EC0-301F-11D3-BF4B-00C04F79EFBC}") = "DotCart.Drivers.Serilog", "drivers\DotCart.Drivers.Serilog\DotCart.Drivers.Serilog.csproj", "{C5FF27FC-21E0-4001-8FD4-70EED073210C}"
EndProject
Project("{FAE04EC0-301F-11D3-BF4B-00C04F79EFBC}") = "DotCart.Drivers.Polly", "drivers\DotCart.Drivers.Polly\DotCart.Drivers.Polly.csproj", "{91DEA69A-D0D0-4D26-AE6D-FB78ACC16483}"
EndProject
Project("{FAE04EC0-301F-11D3-BF4B-00C04F79EFBC}") = "DotCart.Drivers.NATS", "drivers\DotCart.Drivers.NATS\DotCart.Drivers.NATS.csproj", "{252AE37F-82CA-4344-88FE-49F6CB8429F4}"
EndProject
Project("{FAE04EC0-301F-11D3-BF4B-00C04F79EFBC}") = "DotCart.Drivers.Kafka", "drivers\DotCart.Drivers.Kafka\DotCart.Drivers.Kafka.csproj", "{AD650C8D-466B-4993-A308-B05455689513}"
EndProject
Project("{FAE04EC0-301F-11D3-BF4B-00C04F79EFBC}") = "DotCart.Drivers.MongoDB", "drivers\DotCart.Drivers.MongoDB\DotCart.Drivers.MongoDB.csproj", "{BF52C431-E42A-4035-B407-F1E726CAD617}"
EndProject
Project("{FAE04EC0-301F-11D3-BF4B-00C04F79EFBC}") = "DotCart.Drivers.RabbitMQ", "drivers\DotCart.Drivers.RabbitMQ\DotCart.Drivers.RabbitMQ.csproj", "{E2F444E1-C9B3-449E-9AD0-42EE9AFD44C4}"
EndProject
Project("{FAE04EC0-301F-11D3-BF4B-00C04F79EFBC}") = "DotCart.Drivers.Redis", "drivers\DotCart.Drivers.Redis\DotCart.Drivers.Redis.csproj", "{FCE11813-B5BB-49D7-87E1-DD2994C9AFB8}"
EndProject
Project("{FAE04EC0-301F-11D3-BF4B-00C04F79EFBC}") = "DotCart.Drivers.K8S", "drivers\DotCart.Drivers.K8S\DotCart.Drivers.K8S.csproj", "{D8390977-E727-4ECE-8C5A-EF0CC201AC14}"
EndProject
Project("{FAE04EC0-301F-11D3-BF4B-00C04F79EFBC}") = "DotCart.TestFirst", "src\DotCart.TestFirst\DotCart.TestFirst.csproj", "{31F66475-17D4-4014-A016-81F06C1F30CA}"
EndProject
Project("{FAE04EC0-301F-11D3-BF4B-00C04F79EFBC}") = "DotCart.Drivers.EventStoreDB.Tests", "drivers\DotCart.Drivers.EventStoreDB.Tests\DotCart.Drivers.EventStoreDB.Tests.csproj", "{261CFCCF-C1BD-498F-8225-BE5A3C50EE51}"
EndProject
Project("{FAE04EC0-301F-11D3-BF4B-00C04F79EFBC}") = "DotCart.Drivers.Ardalis.Tests", "drivers\DotCart.Drivers.Ardalis.Tests\DotCart.Drivers.Ardalis.Tests.csproj", "{65AC963F-A0A0-4B1F-9757-6AEE3E69D54B}"
EndProject
Project("{FAE04EC0-301F-11D3-BF4B-00C04F79EFBC}") = "DotCart.Drivers.Bogus.Tests", "drivers\DotCart.Drivers.Bogus.Tests\DotCart.Drivers.Bogus.Tests.csproj", "{97CEDF54-BDAE-45E3-90C5-213D20A7B471}"
EndProject
Project("{FAE04EC0-301F-11D3-BF4B-00C04F79EFBC}") = "DotCart.Drivers.ElasticSearch.Tests", "drivers\DotCart.Drivers.ElasticSearch.Tests\DotCart.Drivers.ElasticSearch.Tests.csproj", "{9A13A8A2-AE84-4012-A397-9AC171E52C35}"
EndProject
Project("{FAE04EC0-301F-11D3-BF4B-00C04F79EFBC}") = "DotCart.Drivers.K8S.Tests", "drivers\DotCart.Drivers.K8S.Tests\DotCart.Drivers.K8S.Tests.csproj", "{3A1D26F1-C97D-490A-88F5-95C1F2A960BE}"
EndProject
Project("{FAE04EC0-301F-11D3-BF4B-00C04F79EFBC}") = "DotCart.Drivers.Kafka.Tests", "drivers\DotCart.Drivers.Kafka.Tests\DotCart.Drivers.Kafka.Tests.csproj", "{B6297557-1CB1-4AF7-AF45-EBD3D9AD7EEA}"
EndProject
Project("{FAE04EC0-301F-11D3-BF4B-00C04F79EFBC}") = "DotCart.Drivers.Microsoft.Tests", "drivers\DotCart.Drivers.Microsoft.Tests\DotCart.Drivers.Microsoft.Tests.csproj", "{5516FB93-2543-46A2-BB9C-2CE3668B064D}"
EndProject
Project("{FAE04EC0-301F-11D3-BF4B-00C04F79EFBC}") = "DotCart.Drivers.MongoDB.Tests", "drivers\DotCart.Drivers.MongoDB.Tests\DotCart.Drivers.MongoDB.Tests.csproj", "{1C372F09-FA35-4C32-967A-411BE550E00C}"
EndProject
Project("{FAE04EC0-301F-11D3-BF4B-00C04F79EFBC}") = "DotCart.Drivers.NATS.Tests", "drivers\DotCart.Drivers.NATS.Tests\DotCart.Drivers.NATS.Tests.csproj", "{CFB29895-879C-40E0-B20E-EFCC05225EB7}"
EndProject
Project("{FAE04EC0-301F-11D3-BF4B-00C04F79EFBC}") = "DotCart.Drivers.Polly.Tests", "drivers\DotCart.Drivers.Polly.Tests\DotCart.Drivers.Polly.Tests.csproj", "{CA77B249-7071-4C28-B7CC-EB6EB997EC53}"
EndProject
Project("{FAE04EC0-301F-11D3-BF4B-00C04F79EFBC}") = "DotCart.Drivers.RabbitMQ.Tests", "drivers\DotCart.Drivers.RabbitMQ.Tests\DotCart.Drivers.RabbitMQ.Tests.csproj", "{C27F0C3F-58B7-4714-8EDD-D0920007B426}"
EndProject
Project("{FAE04EC0-301F-11D3-BF4B-00C04F79EFBC}") = "DotCart.Drivers.Redis.Tests", "drivers\DotCart.Drivers.Redis.Tests\DotCart.Drivers.Redis.Tests.csproj", "{D86ABEE0-1624-4E6F-BBB3-8F8563040C50}"
EndProject
Project("{FAE04EC0-301F-11D3-BF4B-00C04F79EFBC}") = "DotCart.Drivers.Serilog.Tests", "drivers\DotCart.Drivers.Serilog.Tests\DotCart.Drivers.Serilog.Tests.csproj", "{6873AE99-8010-4AEA-ACD2-D4AD64D73A33}"
EndProject
Project("{FAE04EC0-301F-11D3-BF4B-00C04F79EFBC}") = "DotCart.Core", "src\DotCart.Core\DotCart.Core.csproj", "{D0BA069D-F973-459F-BFC9-B3933FAAD496}"
EndProject
Project("{FAE04EC0-301F-11D3-BF4B-00C04F79EFBC}") = "DotCart.Context", "src\DotCart.Context\DotCart.Context.csproj", "{F13266CF-6CD3-491F-A015-9C947E498854}"
EndProject
Project("{2150E333-8FDC-42A3-9474-1A3956D46DE8}") = "examples", "examples", "{2EAFB305-0A4C-4712-9C71-68332556FDA5}"
EndProject
Project("{2150E333-8FDC-42A3-9474-1A3956D46DE8}") = "car", "car", "{13625733-5471-49E9-9FB9-04C93AEEE659}"
	ProjectSection(SolutionItems) = preProject
		examples\car\Directory.Build.props = examples\car\Directory.Build.props
		examples\car\readme.md = examples\car\readme.md
	EndProjectSection
EndProject
Project("{FAE04EC0-301F-11D3-BF4B-00C04F79EFBC}") = "Engine.Client", "examples\car\Engine.Client\Engine.Client.csproj", "{6868610E-8545-448A-8CA2-B78D66F6334C}"
EndProject
Project("{FAE04EC0-301F-11D3-BF4B-00C04F79EFBC}") = "Engine.Context", "examples\car\Engine.Context\Engine.Context.csproj", "{C29C1E16-1793-45E0-9512-4EFC66D3EFD0}"
EndProject
Project("{FAE04EC0-301F-11D3-BF4B-00C04F79EFBC}") = "Engine.Api.Cmd", "examples\car\Engine.Api.Cmd\Engine.Api.Cmd.csproj", "{37306A75-6BE6-49D9-90CA-C4F1C7AA06EE}"
EndProject
Project("{FAE04EC0-301F-11D3-BF4B-00C04F79EFBC}") = "Engine.Client.Tests", "examples\car\Engine.Client.Tests\Engine.Client.Tests.csproj", "{0A807224-BD6D-4E75-8310-9F887187C7B2}"
EndProject
Project("{FAE04EC0-301F-11D3-BF4B-00C04F79EFBC}") = "Engine.Context.Tests", "examples\car\Engine.Context.Tests\Engine.Context.Tests.csproj", "{093E56A1-791E-4984-A579-4811F86B9748}"
EndProject
Project("{FAE04EC0-301F-11D3-BF4B-00C04F79EFBC}") = "Throttle.Client", "examples\car\Throttle.Client\Throttle.Client.csproj", "{D2F99965-3AEA-46B3-9D9A-0DB2D2BC6C6E}"
EndProject
Project("{FAE04EC0-301F-11D3-BF4B-00C04F79EFBC}") = "Engine.Contract", "examples\car\Engine.Contract\Engine.Contract.csproj", "{CAEFC2EF-81EF-4D08-8154-0DE79ED85825}"
EndProject
Project("{FAE04EC0-301F-11D3-BF4B-00C04F79EFBC}") = "Engine.Contract.Tests", "examples\car\Engine.Contract.Tests\Engine.Contract.Tests.csproj", "{87D4F7C0-96C8-4B1A-B6D7-4CC4B2F02D79}"
EndProject
Project("{FAE04EC0-301F-11D3-BF4B-00C04F79EFBC}") = "DotCart.Drivers.Console", "drivers\DotCart.Drivers.Console\DotCart.Drivers.Console.csproj", "{B76F4B7A-ADC1-421A-8BF6-EE09129105EE}"
EndProject
Project("{FAE04EC0-301F-11D3-BF4B-00C04F79EFBC}") = "DotCart.Drivers.Console.Tests", "drivers\DotCart.Drivers.Console.Tests\DotCart.Drivers.Console.Tests.csproj", "{D1F543C8-69AE-40B0-9C3D-319697121C68}"
EndProject
Project("{FAE04EC0-301F-11D3-BF4B-00C04F79EFBC}") = "Engine.CLI", "examples\car\Engine.CLI\Engine.CLI.csproj", "{EDC60DA0-E03D-4C5F-9533-B3139DA96FD8}"
EndProject
Project("{FAE04EC0-301F-11D3-BF4B-00C04F79EFBC}") = "DotCart.Abstractions", "src\DotCart.Abstractions\DotCart.Abstractions.csproj", "{55ABBE76-F735-4D22-8CBD-96B61D2FA39E}"
EndProject
Project("{FAE04EC0-301F-11D3-BF4B-00C04F79EFBC}") = "DotCart.Drivers.OTel", "drivers\DotCart.Drivers.OTel\DotCart.Drivers.OTel.csproj", "{8E5B8590-1E73-4695-A859-3D057F656240}"
EndProject
Project("{FAE04EC0-301F-11D3-BF4B-00C04F79EFBC}") = "DotCart.Drivers.OTel.Tests", "drivers\DotCart.Drivers.OTel.Tests\DotCart.Drivers.OTel.Tests.csproj", "{6096B5D5-A5F6-447B-A7DF-47C9895E520D}"
EndProject
Project("{FAE04EC0-301F-11D3-BF4B-00C04F79EFBC}") = "Engine.Behavior", "examples\car\Engine.Behavior\Engine.Behavior.csproj", "{2B000C78-856A-4A4B-9557-73ECC2949197}"
EndProject
Project("{FAE04EC0-301F-11D3-BF4B-00C04F79EFBC}") = "Engine.Behavior.Tests", "examples\car\Engine.Behavior.Tests\Engine.Behavior.Tests.csproj", "{B3EFEB2B-CE53-4101-BBD5-F4AD24F5B6F3}"
EndProject
Project("{FAE04EC0-301F-11D3-BF4B-00C04F79EFBC}") = "Engine.Drivers", "examples\car\Engine.Drivers\Engine.Drivers.csproj", "{5C7C77FF-F995-4651-8D58-727EABC91792}"
EndProject
Project("{FAE04EC0-301F-11D3-BF4B-00C04F79EFBC}") = "Engine.Simulator", "examples\car\Engine.Simulator\Engine.Simulator.csproj", "{A695E3A9-4F39-40DC-9B6B-B18B239111BF}"
EndProject
Project("{FAE04EC0-301F-11D3-BF4B-00C04F79EFBC}") = "Engine.TestUtils", "examples\car\Engine.TestUtils\Engine.TestUtils.csproj", "{FA78C2E2-3B54-475F-AF18-29764E1FD277}"
EndProject
Project("{FAE04EC0-301F-11D3-BF4B-00C04F79EFBC}") = "Engine.Cmd", "examples\car\Engine.Cmd\Engine.Cmd.csproj", "{ACCE4A64-1490-407E-9ACF-05E45AF85EA6}"
EndProject
Project("{FAE04EC0-301F-11D3-BF4B-00C04F79EFBC}") = "Engine.Drivers.Tests", "examples\car\Engine.Drivers.Tests\Engine.Drivers.Tests.csproj", "{D6F5270A-673F-46AE-89D6-12E8742EA90B}"
EndProject
Project("{FAE04EC0-301F-11D3-BF4B-00C04F79EFBC}") = "DotCart.Defaults", "src\DotCart.Defaults\DotCart.Defaults.csproj", "{9A389650-9FDA-4B7C-A115-123644C9BA3C}"
EndProject
Project("{FAE04EC0-301F-11D3-BF4B-00C04F79EFBC}") = "DotCart.Drivers.CouchDB", "drivers\DotCart.Drivers.CouchDB\DotCart.Drivers.CouchDB.csproj", "{FE9ADB71-CD22-4E38-A713-4C263F75EA55}"
EndProject
Project("{FAE04EC0-301F-11D3-BF4B-00C04F79EFBC}") = "DotCart.Drivers.CouchDB.Tests", "drivers\DotCart.Drivers.CouchDB.Tests\DotCart.Drivers.CouchDB.Tests.csproj", "{C2B6A94D-791A-4ED9-ADD9-28EE00364847}"
EndProject
Project("{FAE04EC0-301F-11D3-BF4B-00C04F79EFBC}") = "DotCart.Drivers.EventStoreDB.TestFirst", "drivers\DotCart.Drivers.EventStoreDB.TestFirst\DotCart.Drivers.EventStoreDB.TestFirst.csproj", "{4AF26CF8-E9CA-479B-88A0-228E42C75625}"
EndProject
Project("{FAE04EC0-301F-11D3-BF4B-00C04F79EFBC}") = "DotCart.Drivers.NATS.TestFirst", "drivers\DotCart.Drivers.NATS.TestFirst\DotCart.Drivers.NATS.TestFirst.csproj", "{BF706BF8-8670-4165-8A75-135E8F6A7F73}"
EndProject
Project("{FAE04EC0-301F-11D3-BF4B-00C04F79EFBC}") = "DotCart.Drivers.RabbitMQ.TestFirst", "drivers\DotCart.Drivers.RabbitMQ.TestFirst\DotCart.Drivers.RabbitMQ.TestFirst.csproj", "{91CFB0DB-C86D-48E5-A0B1-FA38D53A63FF}"
EndProject
Project("{FAE04EC0-301F-11D3-BF4B-00C04F79EFBC}") = "DotCart.Drivers.Redis.TestFirst", "drivers\DotCart.Drivers.Redis.TestFirst\DotCart.Drivers.Redis.TestFirst.csproj", "{FFAA69A6-7D46-4557-B78A-F081E8DDE52F}"
EndProject
Project("{FAE04EC0-301F-11D3-BF4B-00C04F79EFBC}") = "DotCart.Drivers.CouchDB.TestFirst", "drivers\DotCart.Drivers.CouchDB.TestFirst\DotCart.Drivers.CouchDB.TestFirst.csproj", "{29977B03-EC6A-4726-B3A7-A902969E50CC}"
EndProject
Project("{2150E333-8FDC-42A3-9474-1A3956D46DE8}") = "tests", "tests", "{5F3E23BC-1C86-4C10-91B0-75F7105C0474}"
EndProject
Project("{FAE04EC0-301F-11D3-BF4B-00C04F79EFBC}") = "DotCart.Core.Tests", "tests\DotCart.Core.Tests\DotCart.Core.Tests.csproj", "{14722245-B687-4875-94E8-E1F859F7273E}"
EndProject
Project("{FAE04EC0-301F-11D3-BF4B-00C04F79EFBC}") = "DotCart.Context.Tests", "tests\DotCart.Context.Tests\DotCart.Context.Tests.csproj", "{7ED43FCE-D7FA-400E-8EB2-D6524DB7E04A}"
EndProject
Project("{FAE04EC0-301F-11D3-BF4B-00C04F79EFBC}") = "DotCart.TestFirst.Tests", "tests\DotCart.TestFirst.Tests\DotCart.TestFirst.Tests.csproj", "{170D0237-D3DE-460E-A118-8DC65C71D687}"
EndProject
Project("{FAE04EC0-301F-11D3-BF4B-00C04F79EFBC}") = "DotCart.TestKit.Tests", "tests\DotCart.TestKit.Tests\DotCart.TestKit.Tests.csproj", "{AE1A13E8-F87E-44EE-A1F1-F57D711FC953}"
EndProject
Global
	GlobalSection(SolutionConfigurationPlatforms) = preSolution
		Debug|Any CPU = Debug|Any CPU
		Release|Any CPU = Release|Any CPU
	EndGlobalSection
	GlobalSection(SolutionProperties) = preSolution
		HideSolutionNode = FALSE
	EndGlobalSection
	GlobalSection(ProjectConfigurationPlatforms) = postSolution
		{DA80A1A2-5281-40D8-8B88-FCC0F65E3F18}.Debug|Any CPU.ActiveCfg = Debug|Any CPU
		{DA80A1A2-5281-40D8-8B88-FCC0F65E3F18}.Debug|Any CPU.Build.0 = Debug|Any CPU
		{DA80A1A2-5281-40D8-8B88-FCC0F65E3F18}.Release|Any CPU.ActiveCfg = Release|Any CPU
		{DA80A1A2-5281-40D8-8B88-FCC0F65E3F18}.Release|Any CPU.Build.0 = Release|Any CPU
		{562FCF51-E1F0-4F78-A137-0633ADAB7A59}.Debug|Any CPU.ActiveCfg = Debug|Any CPU
		{562FCF51-E1F0-4F78-A137-0633ADAB7A59}.Debug|Any CPU.Build.0 = Debug|Any CPU
		{562FCF51-E1F0-4F78-A137-0633ADAB7A59}.Release|Any CPU.ActiveCfg = Release|Any CPU
		{562FCF51-E1F0-4F78-A137-0633ADAB7A59}.Release|Any CPU.Build.0 = Release|Any CPU
		{DD8116F4-94A1-45B5-9539-301E387351FA}.Debug|Any CPU.ActiveCfg = Debug|Any CPU
		{DD8116F4-94A1-45B5-9539-301E387351FA}.Debug|Any CPU.Build.0 = Debug|Any CPU
		{DD8116F4-94A1-45B5-9539-301E387351FA}.Release|Any CPU.ActiveCfg = Release|Any CPU
		{DD8116F4-94A1-45B5-9539-301E387351FA}.Release|Any CPU.Build.0 = Release|Any CPU
		{FCCF7AE8-87B3-4D6E-A19A-1E190F2F7A2F}.Debug|Any CPU.ActiveCfg = Debug|Any CPU
		{FCCF7AE8-87B3-4D6E-A19A-1E190F2F7A2F}.Debug|Any CPU.Build.0 = Debug|Any CPU
		{FCCF7AE8-87B3-4D6E-A19A-1E190F2F7A2F}.Release|Any CPU.ActiveCfg = Release|Any CPU
		{FCCF7AE8-87B3-4D6E-A19A-1E190F2F7A2F}.Release|Any CPU.Build.0 = Release|Any CPU
		{BE2939A4-8964-41E4-B0E8-CD2090585F5F}.Debug|Any CPU.ActiveCfg = Debug|Any CPU
		{BE2939A4-8964-41E4-B0E8-CD2090585F5F}.Debug|Any CPU.Build.0 = Debug|Any CPU
		{BE2939A4-8964-41E4-B0E8-CD2090585F5F}.Release|Any CPU.ActiveCfg = Release|Any CPU
		{BE2939A4-8964-41E4-B0E8-CD2090585F5F}.Release|Any CPU.Build.0 = Release|Any CPU
		{1DBB30A7-AFE3-4107-AFB2-E6BEC8A2E871}.Debug|Any CPU.ActiveCfg = Debug|Any CPU
		{1DBB30A7-AFE3-4107-AFB2-E6BEC8A2E871}.Debug|Any CPU.Build.0 = Debug|Any CPU
		{1DBB30A7-AFE3-4107-AFB2-E6BEC8A2E871}.Release|Any CPU.ActiveCfg = Release|Any CPU
		{1DBB30A7-AFE3-4107-AFB2-E6BEC8A2E871}.Release|Any CPU.Build.0 = Release|Any CPU
		{C5FF27FC-21E0-4001-8FD4-70EED073210C}.Debug|Any CPU.ActiveCfg = Debug|Any CPU
		{C5FF27FC-21E0-4001-8FD4-70EED073210C}.Debug|Any CPU.Build.0 = Debug|Any CPU
		{C5FF27FC-21E0-4001-8FD4-70EED073210C}.Release|Any CPU.ActiveCfg = Release|Any CPU
		{C5FF27FC-21E0-4001-8FD4-70EED073210C}.Release|Any CPU.Build.0 = Release|Any CPU
		{91DEA69A-D0D0-4D26-AE6D-FB78ACC16483}.Debug|Any CPU.ActiveCfg = Debug|Any CPU
		{91DEA69A-D0D0-4D26-AE6D-FB78ACC16483}.Debug|Any CPU.Build.0 = Debug|Any CPU
		{91DEA69A-D0D0-4D26-AE6D-FB78ACC16483}.Release|Any CPU.ActiveCfg = Release|Any CPU
		{91DEA69A-D0D0-4D26-AE6D-FB78ACC16483}.Release|Any CPU.Build.0 = Release|Any CPU
		{252AE37F-82CA-4344-88FE-49F6CB8429F4}.Debug|Any CPU.ActiveCfg = Debug|Any CPU
		{252AE37F-82CA-4344-88FE-49F6CB8429F4}.Debug|Any CPU.Build.0 = Debug|Any CPU
		{252AE37F-82CA-4344-88FE-49F6CB8429F4}.Release|Any CPU.ActiveCfg = Release|Any CPU
		{252AE37F-82CA-4344-88FE-49F6CB8429F4}.Release|Any CPU.Build.0 = Release|Any CPU
		{AD650C8D-466B-4993-A308-B05455689513}.Debug|Any CPU.ActiveCfg = Debug|Any CPU
		{AD650C8D-466B-4993-A308-B05455689513}.Debug|Any CPU.Build.0 = Debug|Any CPU
		{AD650C8D-466B-4993-A308-B05455689513}.Release|Any CPU.ActiveCfg = Release|Any CPU
		{AD650C8D-466B-4993-A308-B05455689513}.Release|Any CPU.Build.0 = Release|Any CPU
		{BF52C431-E42A-4035-B407-F1E726CAD617}.Debug|Any CPU.ActiveCfg = Debug|Any CPU
		{BF52C431-E42A-4035-B407-F1E726CAD617}.Debug|Any CPU.Build.0 = Debug|Any CPU
		{BF52C431-E42A-4035-B407-F1E726CAD617}.Release|Any CPU.ActiveCfg = Release|Any CPU
		{BF52C431-E42A-4035-B407-F1E726CAD617}.Release|Any CPU.Build.0 = Release|Any CPU
		{E2F444E1-C9B3-449E-9AD0-42EE9AFD44C4}.Debug|Any CPU.ActiveCfg = Debug|Any CPU
		{E2F444E1-C9B3-449E-9AD0-42EE9AFD44C4}.Debug|Any CPU.Build.0 = Debug|Any CPU
		{E2F444E1-C9B3-449E-9AD0-42EE9AFD44C4}.Release|Any CPU.ActiveCfg = Release|Any CPU
		{E2F444E1-C9B3-449E-9AD0-42EE9AFD44C4}.Release|Any CPU.Build.0 = Release|Any CPU
		{FCE11813-B5BB-49D7-87E1-DD2994C9AFB8}.Debug|Any CPU.ActiveCfg = Debug|Any CPU
		{FCE11813-B5BB-49D7-87E1-DD2994C9AFB8}.Debug|Any CPU.Build.0 = Debug|Any CPU
		{FCE11813-B5BB-49D7-87E1-DD2994C9AFB8}.Release|Any CPU.ActiveCfg = Release|Any CPU
		{FCE11813-B5BB-49D7-87E1-DD2994C9AFB8}.Release|Any CPU.Build.0 = Release|Any CPU
		{D8390977-E727-4ECE-8C5A-EF0CC201AC14}.Debug|Any CPU.ActiveCfg = Debug|Any CPU
		{D8390977-E727-4ECE-8C5A-EF0CC201AC14}.Debug|Any CPU.Build.0 = Debug|Any CPU
		{D8390977-E727-4ECE-8C5A-EF0CC201AC14}.Release|Any CPU.ActiveCfg = Release|Any CPU
		{D8390977-E727-4ECE-8C5A-EF0CC201AC14}.Release|Any CPU.Build.0 = Release|Any CPU
		{31F66475-17D4-4014-A016-81F06C1F30CA}.Debug|Any CPU.ActiveCfg = Debug|Any CPU
		{31F66475-17D4-4014-A016-81F06C1F30CA}.Debug|Any CPU.Build.0 = Debug|Any CPU
		{31F66475-17D4-4014-A016-81F06C1F30CA}.Release|Any CPU.ActiveCfg = Release|Any CPU
		{31F66475-17D4-4014-A016-81F06C1F30CA}.Release|Any CPU.Build.0 = Release|Any CPU
		{261CFCCF-C1BD-498F-8225-BE5A3C50EE51}.Debug|Any CPU.ActiveCfg = Debug|Any CPU
		{261CFCCF-C1BD-498F-8225-BE5A3C50EE51}.Debug|Any CPU.Build.0 = Debug|Any CPU
		{261CFCCF-C1BD-498F-8225-BE5A3C50EE51}.Release|Any CPU.ActiveCfg = Release|Any CPU
		{261CFCCF-C1BD-498F-8225-BE5A3C50EE51}.Release|Any CPU.Build.0 = Release|Any CPU
		{65AC963F-A0A0-4B1F-9757-6AEE3E69D54B}.Debug|Any CPU.ActiveCfg = Debug|Any CPU
		{65AC963F-A0A0-4B1F-9757-6AEE3E69D54B}.Debug|Any CPU.Build.0 = Debug|Any CPU
		{65AC963F-A0A0-4B1F-9757-6AEE3E69D54B}.Release|Any CPU.ActiveCfg = Release|Any CPU
		{65AC963F-A0A0-4B1F-9757-6AEE3E69D54B}.Release|Any CPU.Build.0 = Release|Any CPU
		{97CEDF54-BDAE-45E3-90C5-213D20A7B471}.Debug|Any CPU.ActiveCfg = Debug|Any CPU
		{97CEDF54-BDAE-45E3-90C5-213D20A7B471}.Debug|Any CPU.Build.0 = Debug|Any CPU
		{97CEDF54-BDAE-45E3-90C5-213D20A7B471}.Release|Any CPU.ActiveCfg = Release|Any CPU
		{97CEDF54-BDAE-45E3-90C5-213D20A7B471}.Release|Any CPU.Build.0 = Release|Any CPU
		{9A13A8A2-AE84-4012-A397-9AC171E52C35}.Debug|Any CPU.ActiveCfg = Debug|Any CPU
		{9A13A8A2-AE84-4012-A397-9AC171E52C35}.Debug|Any CPU.Build.0 = Debug|Any CPU
		{9A13A8A2-AE84-4012-A397-9AC171E52C35}.Release|Any CPU.ActiveCfg = Release|Any CPU
		{9A13A8A2-AE84-4012-A397-9AC171E52C35}.Release|Any CPU.Build.0 = Release|Any CPU
		{3A1D26F1-C97D-490A-88F5-95C1F2A960BE}.Debug|Any CPU.ActiveCfg = Debug|Any CPU
		{3A1D26F1-C97D-490A-88F5-95C1F2A960BE}.Debug|Any CPU.Build.0 = Debug|Any CPU
		{3A1D26F1-C97D-490A-88F5-95C1F2A960BE}.Release|Any CPU.ActiveCfg = Release|Any CPU
		{3A1D26F1-C97D-490A-88F5-95C1F2A960BE}.Release|Any CPU.Build.0 = Release|Any CPU
		{B6297557-1CB1-4AF7-AF45-EBD3D9AD7EEA}.Debug|Any CPU.ActiveCfg = Debug|Any CPU
		{B6297557-1CB1-4AF7-AF45-EBD3D9AD7EEA}.Debug|Any CPU.Build.0 = Debug|Any CPU
		{B6297557-1CB1-4AF7-AF45-EBD3D9AD7EEA}.Release|Any CPU.ActiveCfg = Release|Any CPU
		{B6297557-1CB1-4AF7-AF45-EBD3D9AD7EEA}.Release|Any CPU.Build.0 = Release|Any CPU
		{5516FB93-2543-46A2-BB9C-2CE3668B064D}.Debug|Any CPU.ActiveCfg = Debug|Any CPU
		{5516FB93-2543-46A2-BB9C-2CE3668B064D}.Debug|Any CPU.Build.0 = Debug|Any CPU
		{5516FB93-2543-46A2-BB9C-2CE3668B064D}.Release|Any CPU.ActiveCfg = Release|Any CPU
		{5516FB93-2543-46A2-BB9C-2CE3668B064D}.Release|Any CPU.Build.0 = Release|Any CPU
		{1C372F09-FA35-4C32-967A-411BE550E00C}.Debug|Any CPU.ActiveCfg = Debug|Any CPU
		{1C372F09-FA35-4C32-967A-411BE550E00C}.Debug|Any CPU.Build.0 = Debug|Any CPU
		{1C372F09-FA35-4C32-967A-411BE550E00C}.Release|Any CPU.ActiveCfg = Release|Any CPU
		{1C372F09-FA35-4C32-967A-411BE550E00C}.Release|Any CPU.Build.0 = Release|Any CPU
		{CFB29895-879C-40E0-B20E-EFCC05225EB7}.Debug|Any CPU.ActiveCfg = Debug|Any CPU
		{CFB29895-879C-40E0-B20E-EFCC05225EB7}.Debug|Any CPU.Build.0 = Debug|Any CPU
		{CFB29895-879C-40E0-B20E-EFCC05225EB7}.Release|Any CPU.ActiveCfg = Release|Any CPU
		{CFB29895-879C-40E0-B20E-EFCC05225EB7}.Release|Any CPU.Build.0 = Release|Any CPU
		{CA77B249-7071-4C28-B7CC-EB6EB997EC53}.Debug|Any CPU.ActiveCfg = Debug|Any CPU
		{CA77B249-7071-4C28-B7CC-EB6EB997EC53}.Debug|Any CPU.Build.0 = Debug|Any CPU
		{CA77B249-7071-4C28-B7CC-EB6EB997EC53}.Release|Any CPU.ActiveCfg = Release|Any CPU
		{CA77B249-7071-4C28-B7CC-EB6EB997EC53}.Release|Any CPU.Build.0 = Release|Any CPU
		{C27F0C3F-58B7-4714-8EDD-D0920007B426}.Debug|Any CPU.ActiveCfg = Debug|Any CPU
		{C27F0C3F-58B7-4714-8EDD-D0920007B426}.Debug|Any CPU.Build.0 = Debug|Any CPU
		{C27F0C3F-58B7-4714-8EDD-D0920007B426}.Release|Any CPU.ActiveCfg = Release|Any CPU
		{C27F0C3F-58B7-4714-8EDD-D0920007B426}.Release|Any CPU.Build.0 = Release|Any CPU
		{D86ABEE0-1624-4E6F-BBB3-8F8563040C50}.Debug|Any CPU.ActiveCfg = Debug|Any CPU
		{D86ABEE0-1624-4E6F-BBB3-8F8563040C50}.Debug|Any CPU.Build.0 = Debug|Any CPU
		{D86ABEE0-1624-4E6F-BBB3-8F8563040C50}.Release|Any CPU.ActiveCfg = Release|Any CPU
		{D86ABEE0-1624-4E6F-BBB3-8F8563040C50}.Release|Any CPU.Build.0 = Release|Any CPU
		{6873AE99-8010-4AEA-ACD2-D4AD64D73A33}.Debug|Any CPU.ActiveCfg = Debug|Any CPU
		{6873AE99-8010-4AEA-ACD2-D4AD64D73A33}.Debug|Any CPU.Build.0 = Debug|Any CPU
		{6873AE99-8010-4AEA-ACD2-D4AD64D73A33}.Release|Any CPU.ActiveCfg = Release|Any CPU
		{6873AE99-8010-4AEA-ACD2-D4AD64D73A33}.Release|Any CPU.Build.0 = Release|Any CPU
		{D0BA069D-F973-459F-BFC9-B3933FAAD496}.Debug|Any CPU.ActiveCfg = Debug|Any CPU
		{D0BA069D-F973-459F-BFC9-B3933FAAD496}.Debug|Any CPU.Build.0 = Debug|Any CPU
		{D0BA069D-F973-459F-BFC9-B3933FAAD496}.Release|Any CPU.ActiveCfg = Release|Any CPU
		{D0BA069D-F973-459F-BFC9-B3933FAAD496}.Release|Any CPU.Build.0 = Release|Any CPU
		{F13266CF-6CD3-491F-A015-9C947E498854}.Debug|Any CPU.ActiveCfg = Debug|Any CPU
		{F13266CF-6CD3-491F-A015-9C947E498854}.Debug|Any CPU.Build.0 = Debug|Any CPU
		{F13266CF-6CD3-491F-A015-9C947E498854}.Release|Any CPU.ActiveCfg = Release|Any CPU
		{F13266CF-6CD3-491F-A015-9C947E498854}.Release|Any CPU.Build.0 = Release|Any CPU
		{6868610E-8545-448A-8CA2-B78D66F6334C}.Debug|Any CPU.ActiveCfg = Debug|Any CPU
		{6868610E-8545-448A-8CA2-B78D66F6334C}.Debug|Any CPU.Build.0 = Debug|Any CPU
		{6868610E-8545-448A-8CA2-B78D66F6334C}.Release|Any CPU.ActiveCfg = Release|Any CPU
		{6868610E-8545-448A-8CA2-B78D66F6334C}.Release|Any CPU.Build.0 = Release|Any CPU
		{C29C1E16-1793-45E0-9512-4EFC66D3EFD0}.Debug|Any CPU.ActiveCfg = Debug|Any CPU
		{C29C1E16-1793-45E0-9512-4EFC66D3EFD0}.Debug|Any CPU.Build.0 = Debug|Any CPU
		{C29C1E16-1793-45E0-9512-4EFC66D3EFD0}.Release|Any CPU.ActiveCfg = Release|Any CPU
		{C29C1E16-1793-45E0-9512-4EFC66D3EFD0}.Release|Any CPU.Build.0 = Release|Any CPU
		{37306A75-6BE6-49D9-90CA-C4F1C7AA06EE}.Debug|Any CPU.ActiveCfg = Debug|Any CPU
		{37306A75-6BE6-49D9-90CA-C4F1C7AA06EE}.Debug|Any CPU.Build.0 = Debug|Any CPU
		{37306A75-6BE6-49D9-90CA-C4F1C7AA06EE}.Release|Any CPU.ActiveCfg = Release|Any CPU
		{37306A75-6BE6-49D9-90CA-C4F1C7AA06EE}.Release|Any CPU.Build.0 = Release|Any CPU
		{0A807224-BD6D-4E75-8310-9F887187C7B2}.Debug|Any CPU.ActiveCfg = Debug|Any CPU
		{0A807224-BD6D-4E75-8310-9F887187C7B2}.Debug|Any CPU.Build.0 = Debug|Any CPU
		{0A807224-BD6D-4E75-8310-9F887187C7B2}.Release|Any CPU.ActiveCfg = Release|Any CPU
		{0A807224-BD6D-4E75-8310-9F887187C7B2}.Release|Any CPU.Build.0 = Release|Any CPU
		{093E56A1-791E-4984-A579-4811F86B9748}.Debug|Any CPU.ActiveCfg = Debug|Any CPU
		{093E56A1-791E-4984-A579-4811F86B9748}.Debug|Any CPU.Build.0 = Debug|Any CPU
		{093E56A1-791E-4984-A579-4811F86B9748}.Release|Any CPU.ActiveCfg = Release|Any CPU
		{093E56A1-791E-4984-A579-4811F86B9748}.Release|Any CPU.Build.0 = Release|Any CPU
		{D2F99965-3AEA-46B3-9D9A-0DB2D2BC6C6E}.Debug|Any CPU.ActiveCfg = Debug|Any CPU
		{D2F99965-3AEA-46B3-9D9A-0DB2D2BC6C6E}.Debug|Any CPU.Build.0 = Debug|Any CPU
		{D2F99965-3AEA-46B3-9D9A-0DB2D2BC6C6E}.Release|Any CPU.ActiveCfg = Release|Any CPU
		{D2F99965-3AEA-46B3-9D9A-0DB2D2BC6C6E}.Release|Any CPU.Build.0 = Release|Any CPU
		{CAEFC2EF-81EF-4D08-8154-0DE79ED85825}.Debug|Any CPU.ActiveCfg = Debug|Any CPU
		{CAEFC2EF-81EF-4D08-8154-0DE79ED85825}.Debug|Any CPU.Build.0 = Debug|Any CPU
		{CAEFC2EF-81EF-4D08-8154-0DE79ED85825}.Release|Any CPU.ActiveCfg = Release|Any CPU
		{CAEFC2EF-81EF-4D08-8154-0DE79ED85825}.Release|Any CPU.Build.0 = Release|Any CPU
		{87D4F7C0-96C8-4B1A-B6D7-4CC4B2F02D79}.Debug|Any CPU.ActiveCfg = Debug|Any CPU
		{87D4F7C0-96C8-4B1A-B6D7-4CC4B2F02D79}.Debug|Any CPU.Build.0 = Debug|Any CPU
		{87D4F7C0-96C8-4B1A-B6D7-4CC4B2F02D79}.Release|Any CPU.ActiveCfg = Release|Any CPU
		{87D4F7C0-96C8-4B1A-B6D7-4CC4B2F02D79}.Release|Any CPU.Build.0 = Release|Any CPU
		{B76F4B7A-ADC1-421A-8BF6-EE09129105EE}.Debug|Any CPU.ActiveCfg = Debug|Any CPU
		{B76F4B7A-ADC1-421A-8BF6-EE09129105EE}.Debug|Any CPU.Build.0 = Debug|Any CPU
		{B76F4B7A-ADC1-421A-8BF6-EE09129105EE}.Release|Any CPU.ActiveCfg = Release|Any CPU
		{B76F4B7A-ADC1-421A-8BF6-EE09129105EE}.Release|Any CPU.Build.0 = Release|Any CPU
		{D1F543C8-69AE-40B0-9C3D-319697121C68}.Debug|Any CPU.ActiveCfg = Debug|Any CPU
		{D1F543C8-69AE-40B0-9C3D-319697121C68}.Debug|Any CPU.Build.0 = Debug|Any CPU
		{D1F543C8-69AE-40B0-9C3D-319697121C68}.Release|Any CPU.ActiveCfg = Release|Any CPU
		{D1F543C8-69AE-40B0-9C3D-319697121C68}.Release|Any CPU.Build.0 = Release|Any CPU
		{EDC60DA0-E03D-4C5F-9533-B3139DA96FD8}.Debug|Any CPU.ActiveCfg = Debug|Any CPU
		{EDC60DA0-E03D-4C5F-9533-B3139DA96FD8}.Debug|Any CPU.Build.0 = Debug|Any CPU
		{EDC60DA0-E03D-4C5F-9533-B3139DA96FD8}.Release|Any CPU.ActiveCfg = Release|Any CPU
		{EDC60DA0-E03D-4C5F-9533-B3139DA96FD8}.Release|Any CPU.Build.0 = Release|Any CPU
		{55ABBE76-F735-4D22-8CBD-96B61D2FA39E}.Debug|Any CPU.ActiveCfg = Debug|Any CPU
		{55ABBE76-F735-4D22-8CBD-96B61D2FA39E}.Debug|Any CPU.Build.0 = Debug|Any CPU
		{55ABBE76-F735-4D22-8CBD-96B61D2FA39E}.Release|Any CPU.ActiveCfg = Release|Any CPU
		{55ABBE76-F735-4D22-8CBD-96B61D2FA39E}.Release|Any CPU.Build.0 = Release|Any CPU
		{8E5B8590-1E73-4695-A859-3D057F656240}.Debug|Any CPU.ActiveCfg = Debug|Any CPU
		{8E5B8590-1E73-4695-A859-3D057F656240}.Debug|Any CPU.Build.0 = Debug|Any CPU
		{8E5B8590-1E73-4695-A859-3D057F656240}.Release|Any CPU.ActiveCfg = Release|Any CPU
		{8E5B8590-1E73-4695-A859-3D057F656240}.Release|Any CPU.Build.0 = Release|Any CPU
		{6096B5D5-A5F6-447B-A7DF-47C9895E520D}.Debug|Any CPU.ActiveCfg = Debug|Any CPU
		{6096B5D5-A5F6-447B-A7DF-47C9895E520D}.Debug|Any CPU.Build.0 = Debug|Any CPU
		{6096B5D5-A5F6-447B-A7DF-47C9895E520D}.Release|Any CPU.ActiveCfg = Release|Any CPU
		{6096B5D5-A5F6-447B-A7DF-47C9895E520D}.Release|Any CPU.Build.0 = Release|Any CPU
		{2B000C78-856A-4A4B-9557-73ECC2949197}.Debug|Any CPU.ActiveCfg = Debug|Any CPU
		{2B000C78-856A-4A4B-9557-73ECC2949197}.Debug|Any CPU.Build.0 = Debug|Any CPU
		{2B000C78-856A-4A4B-9557-73ECC2949197}.Release|Any CPU.ActiveCfg = Release|Any CPU
		{2B000C78-856A-4A4B-9557-73ECC2949197}.Release|Any CPU.Build.0 = Release|Any CPU
		{B3EFEB2B-CE53-4101-BBD5-F4AD24F5B6F3}.Debug|Any CPU.ActiveCfg = Debug|Any CPU
		{B3EFEB2B-CE53-4101-BBD5-F4AD24F5B6F3}.Debug|Any CPU.Build.0 = Debug|Any CPU
		{B3EFEB2B-CE53-4101-BBD5-F4AD24F5B6F3}.Release|Any CPU.ActiveCfg = Release|Any CPU
		{B3EFEB2B-CE53-4101-BBD5-F4AD24F5B6F3}.Release|Any CPU.Build.0 = Release|Any CPU
		{5C7C77FF-F995-4651-8D58-727EABC91792}.Debug|Any CPU.ActiveCfg = Debug|Any CPU
		{5C7C77FF-F995-4651-8D58-727EABC91792}.Debug|Any CPU.Build.0 = Debug|Any CPU
		{5C7C77FF-F995-4651-8D58-727EABC91792}.Release|Any CPU.ActiveCfg = Release|Any CPU
		{5C7C77FF-F995-4651-8D58-727EABC91792}.Release|Any CPU.Build.0 = Release|Any CPU
		{A695E3A9-4F39-40DC-9B6B-B18B239111BF}.Debug|Any CPU.ActiveCfg = Debug|Any CPU
		{A695E3A9-4F39-40DC-9B6B-B18B239111BF}.Debug|Any CPU.Build.0 = Debug|Any CPU
		{A695E3A9-4F39-40DC-9B6B-B18B239111BF}.Release|Any CPU.ActiveCfg = Release|Any CPU
		{A695E3A9-4F39-40DC-9B6B-B18B239111BF}.Release|Any CPU.Build.0 = Release|Any CPU
		{FA78C2E2-3B54-475F-AF18-29764E1FD277}.Debug|Any CPU.ActiveCfg = Debug|Any CPU
		{FA78C2E2-3B54-475F-AF18-29764E1FD277}.Debug|Any CPU.Build.0 = Debug|Any CPU
		{FA78C2E2-3B54-475F-AF18-29764E1FD277}.Release|Any CPU.ActiveCfg = Release|Any CPU
		{FA78C2E2-3B54-475F-AF18-29764E1FD277}.Release|Any CPU.Build.0 = Release|Any CPU
		{ACCE4A64-1490-407E-9ACF-05E45AF85EA6}.Debug|Any CPU.ActiveCfg = Debug|Any CPU
		{ACCE4A64-1490-407E-9ACF-05E45AF85EA6}.Debug|Any CPU.Build.0 = Debug|Any CPU
		{ACCE4A64-1490-407E-9ACF-05E45AF85EA6}.Release|Any CPU.ActiveCfg = Release|Any CPU
		{ACCE4A64-1490-407E-9ACF-05E45AF85EA6}.Release|Any CPU.Build.0 = Release|Any CPU
		{D6F5270A-673F-46AE-89D6-12E8742EA90B}.Debug|Any CPU.ActiveCfg = Debug|Any CPU
		{D6F5270A-673F-46AE-89D6-12E8742EA90B}.Debug|Any CPU.Build.0 = Debug|Any CPU
		{D6F5270A-673F-46AE-89D6-12E8742EA90B}.Release|Any CPU.ActiveCfg = Release|Any CPU
		{D6F5270A-673F-46AE-89D6-12E8742EA90B}.Release|Any CPU.Build.0 = Release|Any CPU
		{9A389650-9FDA-4B7C-A115-123644C9BA3C}.Debug|Any CPU.ActiveCfg = Debug|Any CPU
		{9A389650-9FDA-4B7C-A115-123644C9BA3C}.Debug|Any CPU.Build.0 = Debug|Any CPU
		{9A389650-9FDA-4B7C-A115-123644C9BA3C}.Release|Any CPU.ActiveCfg = Release|Any CPU
		{9A389650-9FDA-4B7C-A115-123644C9BA3C}.Release|Any CPU.Build.0 = Release|Any CPU
		{FE9ADB71-CD22-4E38-A713-4C263F75EA55}.Debug|Any CPU.ActiveCfg = Debug|Any CPU
		{FE9ADB71-CD22-4E38-A713-4C263F75EA55}.Debug|Any CPU.Build.0 = Debug|Any CPU
		{FE9ADB71-CD22-4E38-A713-4C263F75EA55}.Release|Any CPU.ActiveCfg = Release|Any CPU
		{FE9ADB71-CD22-4E38-A713-4C263F75EA55}.Release|Any CPU.Build.0 = Release|Any CPU
		{C2B6A94D-791A-4ED9-ADD9-28EE00364847}.Debug|Any CPU.ActiveCfg = Debug|Any CPU
		{C2B6A94D-791A-4ED9-ADD9-28EE00364847}.Debug|Any CPU.Build.0 = Debug|Any CPU
		{C2B6A94D-791A-4ED9-ADD9-28EE00364847}.Release|Any CPU.ActiveCfg = Release|Any CPU
		{C2B6A94D-791A-4ED9-ADD9-28EE00364847}.Release|Any CPU.Build.0 = Release|Any CPU
		{4AF26CF8-E9CA-479B-88A0-228E42C75625}.Debug|Any CPU.ActiveCfg = Debug|Any CPU
		{4AF26CF8-E9CA-479B-88A0-228E42C75625}.Debug|Any CPU.Build.0 = Debug|Any CPU
		{4AF26CF8-E9CA-479B-88A0-228E42C75625}.Release|Any CPU.ActiveCfg = Release|Any CPU
		{4AF26CF8-E9CA-479B-88A0-228E42C75625}.Release|Any CPU.Build.0 = Release|Any CPU
		{BF706BF8-8670-4165-8A75-135E8F6A7F73}.Debug|Any CPU.ActiveCfg = Debug|Any CPU
		{BF706BF8-8670-4165-8A75-135E8F6A7F73}.Debug|Any CPU.Build.0 = Debug|Any CPU
		{BF706BF8-8670-4165-8A75-135E8F6A7F73}.Release|Any CPU.ActiveCfg = Release|Any CPU
		{BF706BF8-8670-4165-8A75-135E8F6A7F73}.Release|Any CPU.Build.0 = Release|Any CPU
		{91CFB0DB-C86D-48E5-A0B1-FA38D53A63FF}.Debug|Any CPU.ActiveCfg = Debug|Any CPU
		{91CFB0DB-C86D-48E5-A0B1-FA38D53A63FF}.Debug|Any CPU.Build.0 = Debug|Any CPU
		{91CFB0DB-C86D-48E5-A0B1-FA38D53A63FF}.Release|Any CPU.ActiveCfg = Release|Any CPU
		{91CFB0DB-C86D-48E5-A0B1-FA38D53A63FF}.Release|Any CPU.Build.0 = Release|Any CPU
		{FFAA69A6-7D46-4557-B78A-F081E8DDE52F}.Debug|Any CPU.ActiveCfg = Debug|Any CPU
		{FFAA69A6-7D46-4557-B78A-F081E8DDE52F}.Debug|Any CPU.Build.0 = Debug|Any CPU
		{FFAA69A6-7D46-4557-B78A-F081E8DDE52F}.Release|Any CPU.ActiveCfg = Release|Any CPU
		{FFAA69A6-7D46-4557-B78A-F081E8DDE52F}.Release|Any CPU.Build.0 = Release|Any CPU
		{29977B03-EC6A-4726-B3A7-A902969E50CC}.Debug|Any CPU.ActiveCfg = Debug|Any CPU
		{29977B03-EC6A-4726-B3A7-A902969E50CC}.Debug|Any CPU.Build.0 = Debug|Any CPU
		{29977B03-EC6A-4726-B3A7-A902969E50CC}.Release|Any CPU.ActiveCfg = Release|Any CPU
		{29977B03-EC6A-4726-B3A7-A902969E50CC}.Release|Any CPU.Build.0 = Release|Any CPU
		{14722245-B687-4875-94E8-E1F859F7273E}.Debug|Any CPU.ActiveCfg = Debug|Any CPU
		{14722245-B687-4875-94E8-E1F859F7273E}.Debug|Any CPU.Build.0 = Debug|Any CPU
		{14722245-B687-4875-94E8-E1F859F7273E}.Release|Any CPU.ActiveCfg = Release|Any CPU
		{14722245-B687-4875-94E8-E1F859F7273E}.Release|Any CPU.Build.0 = Release|Any CPU
		{7ED43FCE-D7FA-400E-8EB2-D6524DB7E04A}.Debug|Any CPU.ActiveCfg = Debug|Any CPU
		{7ED43FCE-D7FA-400E-8EB2-D6524DB7E04A}.Debug|Any CPU.Build.0 = Debug|Any CPU
		{7ED43FCE-D7FA-400E-8EB2-D6524DB7E04A}.Release|Any CPU.ActiveCfg = Release|Any CPU
		{7ED43FCE-D7FA-400E-8EB2-D6524DB7E04A}.Release|Any CPU.Build.0 = Release|Any CPU
		{170D0237-D3DE-460E-A118-8DC65C71D687}.Debug|Any CPU.ActiveCfg = Debug|Any CPU
		{170D0237-D3DE-460E-A118-8DC65C71D687}.Debug|Any CPU.Build.0 = Debug|Any CPU
		{170D0237-D3DE-460E-A118-8DC65C71D687}.Release|Any CPU.ActiveCfg = Release|Any CPU
		{170D0237-D3DE-460E-A118-8DC65C71D687}.Release|Any CPU.Build.0 = Release|Any CPU
		{AE1A13E8-F87E-44EE-A1F1-F57D711FC953}.Debug|Any CPU.ActiveCfg = Debug|Any CPU
		{AE1A13E8-F87E-44EE-A1F1-F57D711FC953}.Debug|Any CPU.Build.0 = Debug|Any CPU
		{AE1A13E8-F87E-44EE-A1F1-F57D711FC953}.Release|Any CPU.ActiveCfg = Release|Any CPU
		{AE1A13E8-F87E-44EE-A1F1-F57D711FC953}.Release|Any CPU.Build.0 = Release|Any CPU
	EndGlobalSection
	GlobalSection(NestedProjects) = preSolution
		{DA80A1A2-5281-40D8-8B88-FCC0F65E3F18} = {0FF5546C-D563-4DF5-BF41-0D5C85C5AF6E}
		{562FCF51-E1F0-4F78-A137-0633ADAB7A59} = {EDEBE9BD-18DC-437E-A7A6-D469A44403AF}
		{DD8116F4-94A1-45B5-9539-301E387351FA} = {EDEBE9BD-18DC-437E-A7A6-D469A44403AF}
		{FCCF7AE8-87B3-4D6E-A19A-1E190F2F7A2F} = {EDEBE9BD-18DC-437E-A7A6-D469A44403AF}
		{BE2939A4-8964-41E4-B0E8-CD2090585F5F} = {EDEBE9BD-18DC-437E-A7A6-D469A44403AF}
		{1DBB30A7-AFE3-4107-AFB2-E6BEC8A2E871} = {EDEBE9BD-18DC-437E-A7A6-D469A44403AF}
		{C5FF27FC-21E0-4001-8FD4-70EED073210C} = {EDEBE9BD-18DC-437E-A7A6-D469A44403AF}
		{91DEA69A-D0D0-4D26-AE6D-FB78ACC16483} = {EDEBE9BD-18DC-437E-A7A6-D469A44403AF}
		{252AE37F-82CA-4344-88FE-49F6CB8429F4} = {EDEBE9BD-18DC-437E-A7A6-D469A44403AF}
		{AD650C8D-466B-4993-A308-B05455689513} = {EDEBE9BD-18DC-437E-A7A6-D469A44403AF}
		{BF52C431-E42A-4035-B407-F1E726CAD617} = {EDEBE9BD-18DC-437E-A7A6-D469A44403AF}
		{E2F444E1-C9B3-449E-9AD0-42EE9AFD44C4} = {EDEBE9BD-18DC-437E-A7A6-D469A44403AF}
		{FCE11813-B5BB-49D7-87E1-DD2994C9AFB8} = {EDEBE9BD-18DC-437E-A7A6-D469A44403AF}
		{D8390977-E727-4ECE-8C5A-EF0CC201AC14} = {EDEBE9BD-18DC-437E-A7A6-D469A44403AF}
		{31F66475-17D4-4014-A016-81F06C1F30CA} = {0FF5546C-D563-4DF5-BF41-0D5C85C5AF6E}
		{261CFCCF-C1BD-498F-8225-BE5A3C50EE51} = {EDEBE9BD-18DC-437E-A7A6-D469A44403AF}
		{65AC963F-A0A0-4B1F-9757-6AEE3E69D54B} = {EDEBE9BD-18DC-437E-A7A6-D469A44403AF}
		{97CEDF54-BDAE-45E3-90C5-213D20A7B471} = {EDEBE9BD-18DC-437E-A7A6-D469A44403AF}
		{9A13A8A2-AE84-4012-A397-9AC171E52C35} = {EDEBE9BD-18DC-437E-A7A6-D469A44403AF}
		{3A1D26F1-C97D-490A-88F5-95C1F2A960BE} = {EDEBE9BD-18DC-437E-A7A6-D469A44403AF}
		{B6297557-1CB1-4AF7-AF45-EBD3D9AD7EEA} = {EDEBE9BD-18DC-437E-A7A6-D469A44403AF}
		{5516FB93-2543-46A2-BB9C-2CE3668B064D} = {EDEBE9BD-18DC-437E-A7A6-D469A44403AF}
		{1C372F09-FA35-4C32-967A-411BE550E00C} = {EDEBE9BD-18DC-437E-A7A6-D469A44403AF}
		{CFB29895-879C-40E0-B20E-EFCC05225EB7} = {EDEBE9BD-18DC-437E-A7A6-D469A44403AF}
		{CA77B249-7071-4C28-B7CC-EB6EB997EC53} = {EDEBE9BD-18DC-437E-A7A6-D469A44403AF}
		{C27F0C3F-58B7-4714-8EDD-D0920007B426} = {EDEBE9BD-18DC-437E-A7A6-D469A44403AF}
		{D86ABEE0-1624-4E6F-BBB3-8F8563040C50} = {EDEBE9BD-18DC-437E-A7A6-D469A44403AF}
		{6873AE99-8010-4AEA-ACD2-D4AD64D73A33} = {EDEBE9BD-18DC-437E-A7A6-D469A44403AF}
		{D0BA069D-F973-459F-BFC9-B3933FAAD496} = {0FF5546C-D563-4DF5-BF41-0D5C85C5AF6E}
		{F13266CF-6CD3-491F-A015-9C947E498854} = {0FF5546C-D563-4DF5-BF41-0D5C85C5AF6E}
		{13625733-5471-49E9-9FB9-04C93AEEE659} = {2EAFB305-0A4C-4712-9C71-68332556FDA5}
		{6868610E-8545-448A-8CA2-B78D66F6334C} = {13625733-5471-49E9-9FB9-04C93AEEE659}
		{C29C1E16-1793-45E0-9512-4EFC66D3EFD0} = {13625733-5471-49E9-9FB9-04C93AEEE659}
		{37306A75-6BE6-49D9-90CA-C4F1C7AA06EE} = {13625733-5471-49E9-9FB9-04C93AEEE659}
		{0A807224-BD6D-4E75-8310-9F887187C7B2} = {13625733-5471-49E9-9FB9-04C93AEEE659}
		{093E56A1-791E-4984-A579-4811F86B9748} = {13625733-5471-49E9-9FB9-04C93AEEE659}
		{D2F99965-3AEA-46B3-9D9A-0DB2D2BC6C6E} = {13625733-5471-49E9-9FB9-04C93AEEE659}
		{CAEFC2EF-81EF-4D08-8154-0DE79ED85825} = {13625733-5471-49E9-9FB9-04C93AEEE659}
		{87D4F7C0-96C8-4B1A-B6D7-4CC4B2F02D79} = {13625733-5471-49E9-9FB9-04C93AEEE659}
		{B76F4B7A-ADC1-421A-8BF6-EE09129105EE} = {EDEBE9BD-18DC-437E-A7A6-D469A44403AF}
		{D1F543C8-69AE-40B0-9C3D-319697121C68} = {EDEBE9BD-18DC-437E-A7A6-D469A44403AF}
		{EDC60DA0-E03D-4C5F-9533-B3139DA96FD8} = {13625733-5471-49E9-9FB9-04C93AEEE659}
		{55ABBE76-F735-4D22-8CBD-96B61D2FA39E} = {0FF5546C-D563-4DF5-BF41-0D5C85C5AF6E}
		{8E5B8590-1E73-4695-A859-3D057F656240} = {EDEBE9BD-18DC-437E-A7A6-D469A44403AF}
		{6096B5D5-A5F6-447B-A7DF-47C9895E520D} = {EDEBE9BD-18DC-437E-A7A6-D469A44403AF}
		{2B000C78-856A-4A4B-9557-73ECC2949197} = {13625733-5471-49E9-9FB9-04C93AEEE659}
		{B3EFEB2B-CE53-4101-BBD5-F4AD24F5B6F3} = {13625733-5471-49E9-9FB9-04C93AEEE659}
		{5C7C77FF-F995-4651-8D58-727EABC91792} = {13625733-5471-49E9-9FB9-04C93AEEE659}
		{A695E3A9-4F39-40DC-9B6B-B18B239111BF} = {13625733-5471-49E9-9FB9-04C93AEEE659}
		{FA78C2E2-3B54-475F-AF18-29764E1FD277} = {13625733-5471-49E9-9FB9-04C93AEEE659}
		{ACCE4A64-1490-407E-9ACF-05E45AF85EA6} = {13625733-5471-49E9-9FB9-04C93AEEE659}
		{D6F5270A-673F-46AE-89D6-12E8742EA90B} = {13625733-5471-49E9-9FB9-04C93AEEE659}
		{9A389650-9FDA-4B7C-A115-123644C9BA3C} = {0FF5546C-D563-4DF5-BF41-0D5C85C5AF6E}
		{FE9ADB71-CD22-4E38-A713-4C263F75EA55} = {EDEBE9BD-18DC-437E-A7A6-D469A44403AF}
		{C2B6A94D-791A-4ED9-ADD9-28EE00364847} = {EDEBE9BD-18DC-437E-A7A6-D469A44403AF}
		{4AF26CF8-E9CA-479B-88A0-228E42C75625} = {EDEBE9BD-18DC-437E-A7A6-D469A44403AF}
		{BF706BF8-8670-4165-8A75-135E8F6A7F73} = {EDEBE9BD-18DC-437E-A7A6-D469A44403AF}
		{91CFB0DB-C86D-48E5-A0B1-FA38D53A63FF} = {EDEBE9BD-18DC-437E-A7A6-D469A44403AF}
		{FFAA69A6-7D46-4557-B78A-F081E8DDE52F} = {EDEBE9BD-18DC-437E-A7A6-D469A44403AF}
		{29977B03-EC6A-4726-B3A7-A902969E50CC} = {EDEBE9BD-18DC-437E-A7A6-D469A44403AF}
		{14722245-B687-4875-94E8-E1F859F7273E} = {5F3E23BC-1C86-4C10-91B0-75F7105C0474}
		{7ED43FCE-D7FA-400E-8EB2-D6524DB7E04A} = {5F3E23BC-1C86-4C10-91B0-75F7105C0474}
		{170D0237-D3DE-460E-A118-8DC65C71D687} = {5F3E23BC-1C86-4C10-91B0-75F7105C0474}
		{AE1A13E8-F87E-44EE-A1F1-F57D711FC953} = {5F3E23BC-1C86-4C10-91B0-75F7105C0474}
	EndGlobalSection
EndGlobal
