
Microsoft Visual Studio Solution File, Format Version 12.00
# Visual Studio Version 16
VisualStudioVersion = 16.0.30114.105
MinimumVisualStudioVersion = 10.0.40219.1
Project("{2150E333-8FDC-42A3-9474-1A3956D46DE8}") = "Solution Items", "Solution Items", "{6555ED9A-03CD-47C8-BD60-B1F87E2BF21E}"
	ProjectSection(SolutionItems) = preProject
		Directory.Build.props = Directory.Build.props
		README.MD = README.MD
		RELEASES.MD = RELEASES.MD
		.github\ISSUE_TEMPLATE\feature_request.md = .github\ISSUE_TEMPLATE\feature_request.md
		.github\ISSUE_TEMPLATE\custom.md = .github\ISSUE_TEMPLATE\custom.md
		.github\ISSUE_TEMPLATE\bug_report.md = .github\ISSUE_TEMPLATE\bug_report.md
		.github\workflows\dot-cart.yml = .github\workflows\dot-cart.yml
		nuget.config = nuget.config
		CHANGES.MD = CHANGES.MD
		.gitignore = .gitignore
		.dockerignore = .dockerignore
		LICENSE = LICENSE
		Makefile = Makefile
		.tool-versions = .tool-versions
		global.json = global.json
		clean-docker.sh = clean-docker.sh
		push.sh = push.sh
		rm-cont.sh = rm-cont.sh
	EndProjectSection
EndProject
Project("{2150E333-8FDC-42A3-9474-1A3956D46DE8}") = "src", "src", "{0FF5546C-D563-4DF5-BF41-0D5C85C5AF6E}"
EndProject
Project("{FAE04EC0-301F-11D3-BF4B-00C04F79EFBC}") = "DotCart.TestKit", "src\DotCart.TestKit\DotCart.TestKit.csproj", "{DA80A1A2-5281-40D8-8B88-FCC0F65E3F18}"
EndProject
Project("{2150E333-8FDC-42A3-9474-1A3956D46DE8}") = "drivers", "drivers", "{EDEBE9BD-18DC-437E-A7A6-D469A44403AF}"
EndProject
Project("{FAE04EC0-301F-11D3-BF4B-00C04F79EFBC}") = "DotCart.Drivers.ElasticSearch", "drivers\DotCart.Drivers.ElasticSearch\DotCart.Drivers.ElasticSearch.csproj", "{562FCF51-E1F0-4F78-A137-0633ADAB7A59}"
EndProject
Project("{FAE04EC0-301F-11D3-BF4B-00C04F79EFBC}") = "DotCart.Drivers.EventStoreDB", "drivers\DotCart.Drivers.EventStoreDB\DotCart.Drivers.EventStoreDB.csproj", "{BE2939A4-8964-41E4-B0E8-CD2090585F5F}"
EndProject
Project("{FAE04EC0-301F-11D3-BF4B-00C04F79EFBC}") = "DotCart.Drivers.NATS", "drivers\DotCart.Drivers.NATS\DotCart.Drivers.NATS.csproj", "{252AE37F-82CA-4344-88FE-49F6CB8429F4}"
EndProject
Project("{FAE04EC0-301F-11D3-BF4B-00C04F79EFBC}") = "DotCart.Drivers.Kafka", "drivers\DotCart.Drivers.Kafka\DotCart.Drivers.Kafka.csproj", "{AD650C8D-466B-4993-A308-B05455689513}"
EndProject
Project("{FAE04EC0-301F-11D3-BF4B-00C04F79EFBC}") = "DotCart.Drivers.MongoDB", "drivers\DotCart.Drivers.MongoDB\DotCart.Drivers.MongoDB.csproj", "{BF52C431-E42A-4035-B407-F1E726CAD617}"
EndProject
Project("{FAE04EC0-301F-11D3-BF4B-00C04F79EFBC}") = "DotCart.Drivers.RabbitMQ", "drivers\DotCart.Drivers.RabbitMQ\DotCart.Drivers.RabbitMQ.csproj", "{E2F444E1-C9B3-449E-9AD0-42EE9AFD44C4}"
EndProject
Project("{FAE04EC0-301F-11D3-BF4B-00C04F79EFBC}") = "DotCart.Drivers.Redis", "drivers\DotCart.Drivers.Redis\DotCart.Drivers.Redis.csproj", "{FCE11813-B5BB-49D7-87E1-DD2994C9AFB8}"
EndProject
Project("{FAE04EC0-301F-11D3-BF4B-00C04F79EFBC}") = "DotCart.Drivers.K8S", "drivers\DotCart.Drivers.K8S\DotCart.Drivers.K8S.csproj", "{D8390977-E727-4ECE-8C5A-EF0CC201AC14}"
EndProject
Project("{FAE04EC0-301F-11D3-BF4B-00C04F79EFBC}") = "DotCart.TestFirst", "src\DotCart.TestFirst\DotCart.TestFirst.csproj", "{31F66475-17D4-4014-A016-81F06C1F30CA}"
EndProject
Project("{FAE04EC0-301F-11D3-BF4B-00C04F79EFBC}") = "DotCart.Drivers.EventStoreDB.Tests", "drivers\DotCart.Drivers.EventStoreDB.Tests\DotCart.Drivers.EventStoreDB.Tests.csproj", "{261CFCCF-C1BD-498F-8225-BE5A3C50EE51}"
EndProject
Project("{FAE04EC0-301F-11D3-BF4B-00C04F79EFBC}") = "DotCart.Drivers.ElasticSearch.Tests", "drivers\DotCart.Drivers.ElasticSearch.Tests\DotCart.Drivers.ElasticSearch.Tests.csproj", "{9A13A8A2-AE84-4012-A397-9AC171E52C35}"
EndProject
Project("{FAE04EC0-301F-11D3-BF4B-00C04F79EFBC}") = "DotCart.Drivers.K8S.Tests", "drivers\DotCart.Drivers.K8S.Tests\DotCart.Drivers.K8S.Tests.csproj", "{3A1D26F1-C97D-490A-88F5-95C1F2A960BE}"
EndProject
Project("{FAE04EC0-301F-11D3-BF4B-00C04F79EFBC}") = "DotCart.Drivers.Kafka.Tests", "drivers\DotCart.Drivers.Kafka.Tests\DotCart.Drivers.Kafka.Tests.csproj", "{B6297557-1CB1-4AF7-AF45-EBD3D9AD7EEA}"
EndProject
Project("{FAE04EC0-301F-11D3-BF4B-00C04F79EFBC}") = "DotCart.Drivers.MongoDB.Tests", "drivers\DotCart.Drivers.MongoDB.Tests\DotCart.Drivers.MongoDB.Tests.csproj", "{1C372F09-FA35-4C32-967A-411BE550E00C}"
EndProject
Project("{FAE04EC0-301F-11D3-BF4B-00C04F79EFBC}") = "DotCart.Drivers.NATS.Tests", "drivers\DotCart.Drivers.NATS.Tests\DotCart.Drivers.NATS.Tests.csproj", "{CFB29895-879C-40E0-B20E-EFCC05225EB7}"
EndProject
Project("{FAE04EC0-301F-11D3-BF4B-00C04F79EFBC}") = "DotCart.Drivers.RabbitMQ.Tests", "drivers\DotCart.Drivers.RabbitMQ.Tests\DotCart.Drivers.RabbitMQ.Tests.csproj", "{C27F0C3F-58B7-4714-8EDD-D0920007B426}"
EndProject
Project("{FAE04EC0-301F-11D3-BF4B-00C04F79EFBC}") = "DotCart.Drivers.Redis.Tests", "drivers\DotCart.Drivers.Redis.Tests\DotCart.Drivers.Redis.Tests.csproj", "{D86ABEE0-1624-4E6F-BBB3-8F8563040C50}"
EndProject
Project("{2150E333-8FDC-42A3-9474-1A3956D46DE8}") = "examples", "examples", "{2EAFB305-0A4C-4712-9C71-68332556FDA5}"
EndProject
Project("{2150E333-8FDC-42A3-9474-1A3956D46DE8}") = "car", "car", "{13625733-5471-49E9-9FB9-04C93AEEE659}"
	ProjectSection(SolutionItems) = preProject
		examples\car\Directory.Build.props = examples\car\Directory.Build.props
		examples\car\readme.md = examples\car\readme.md
	EndProjectSection
EndProject
Project("{FAE04EC0-301F-11D3-BF4B-00C04F79EFBC}") = "DotCart.Abstractions", "src\DotCart.Abstractions\DotCart.Abstractions.csproj", "{55ABBE76-F735-4D22-8CBD-96B61D2FA39E}"
EndProject
Project("{FAE04EC0-301F-11D3-BF4B-00C04F79EFBC}") = "DotCart.Drivers.OTel", "drivers\DotCart.Drivers.OTel\DotCart.Drivers.OTel.csproj", "{8E5B8590-1E73-4695-A859-3D057F656240}"
EndProject
Project("{FAE04EC0-301F-11D3-BF4B-00C04F79EFBC}") = "DotCart.Drivers.OTel.Tests", "drivers\DotCart.Drivers.OTel.Tests\DotCart.Drivers.OTel.Tests.csproj", "{6096B5D5-A5F6-447B-A7DF-47C9895E520D}"
EndProject
Project("{FAE04EC0-301F-11D3-BF4B-00C04F79EFBC}") = "DotCart.Defaults", "src\DotCart.Defaults\DotCart.Defaults.csproj", "{9A389650-9FDA-4B7C-A115-123644C9BA3C}"
EndProject
Project("{FAE04EC0-301F-11D3-BF4B-00C04F79EFBC}") = "DotCart.Drivers.CouchDB", "drivers\DotCart.Drivers.CouchDB\DotCart.Drivers.CouchDB.csproj", "{FE9ADB71-CD22-4E38-A713-4C263F75EA55}"
EndProject
Project("{FAE04EC0-301F-11D3-BF4B-00C04F79EFBC}") = "DotCart.Drivers.CouchDB.Tests", "drivers\DotCart.Drivers.CouchDB.Tests\DotCart.Drivers.CouchDB.Tests.csproj", "{C2B6A94D-791A-4ED9-ADD9-28EE00364847}"
EndProject
Project("{FAE04EC0-301F-11D3-BF4B-00C04F79EFBC}") = "DotCart.Drivers.NATS.TestFirst", "drivers\DotCart.Drivers.NATS.TestFirst\DotCart.Drivers.NATS.TestFirst.csproj", "{BF706BF8-8670-4165-8A75-135E8F6A7F73}"
EndProject
Project("{FAE04EC0-301F-11D3-BF4B-00C04F79EFBC}") = "DotCart.Drivers.RabbitMQ.TestFirst", "drivers\DotCart.Drivers.RabbitMQ.TestFirst\DotCart.Drivers.RabbitMQ.TestFirst.csproj", "{91CFB0DB-C86D-48E5-A0B1-FA38D53A63FF}"
EndProject
Project("{FAE04EC0-301F-11D3-BF4B-00C04F79EFBC}") = "DotCart.Drivers.Redis.TestFirst", "drivers\DotCart.Drivers.Redis.TestFirst\DotCart.Drivers.Redis.TestFirst.csproj", "{FFAA69A6-7D46-4557-B78A-F081E8DDE52F}"
EndProject
Project("{FAE04EC0-301F-11D3-BF4B-00C04F79EFBC}") = "DotCart.Drivers.CouchDB.TestFirst", "drivers\DotCart.Drivers.CouchDB.TestFirst\DotCart.Drivers.CouchDB.TestFirst.csproj", "{29977B03-EC6A-4726-B3A7-A902969E50CC}"
EndProject
Project("{2150E333-8FDC-42A3-9474-1A3956D46DE8}") = "tests", "tests", "{5F3E23BC-1C86-4C10-91B0-75F7105C0474}"
EndProject
Project("{FAE04EC0-301F-11D3-BF4B-00C04F79EFBC}") = "DotCart.Core.Tests", "tests\DotCart.Core.Tests\DotCart.Core.Tests.csproj", "{14722245-B687-4875-94E8-E1F859F7273E}"
EndProject
Project("{FAE04EC0-301F-11D3-BF4B-00C04F79EFBC}") = "DotCart.Context.Tests", "tests\DotCart.Context.Tests\DotCart.Context.Tests.csproj", "{7ED43FCE-D7FA-400E-8EB2-D6524DB7E04A}"
EndProject
Project("{FAE04EC0-301F-11D3-BF4B-00C04F79EFBC}") = "DotCart.TestFirst.Tests", "tests\DotCart.TestFirst.Tests\DotCart.TestFirst.Tests.csproj", "{170D0237-D3DE-460E-A118-8DC65C71D687}"
EndProject
Project("{FAE04EC0-301F-11D3-BF4B-00C04F79EFBC}") = "DotCart.TestKit.Tests", "tests\DotCart.TestKit.Tests\DotCart.TestKit.Tests.csproj", "{AE1A13E8-F87E-44EE-A1F1-F57D711FC953}"
EndProject
Project("{FAE04EC0-301F-11D3-BF4B-00C04F79EFBC}") = "DotCart", "src\DotCart\DotCart.csproj", "{E3C6CA4A-5F78-44F4-AD5E-2894F4E561E8}"
EndProject
Project("{FAE04EC0-301F-11D3-BF4B-00C04F79EFBC}") = "DotCart.Tests", "tests\DotCart.Tests\DotCart.Tests.csproj", "{40927A27-53C8-4583-A3A9-8AF8173FC799}"
EndProject
Project("{2150E333-8FDC-42A3-9474-1A3956D46DE8}") = "src", "src", "{C2C3F717-4CD4-4D20-AABF-96BB94C13420}"
EndProject
Project("{2150E333-8FDC-42A3-9474-1A3956D46DE8}") = "tests", "tests", "{232042B3-92DF-4C33-83F3-746810089D0B}"
EndProject
Project("{FAE04EC0-301F-11D3-BF4B-00C04F79EFBC}") = "Engine.Behavior", "examples\car\src\Engine.Behavior\Engine.Behavior.csproj", "{F9A89CF1-227B-40A8-A399-C088ECC91152}"
EndProject
Project("{FAE04EC0-301F-11D3-BF4B-00C04F79EFBC}") = "Engine.Contract", "examples\car\src\Engine.Contract\Engine.Contract.csproj", "{F27120C6-4AB9-4EA1-9347-474F8E4FF8EF}"
EndProject
Project("{FAE04EC0-301F-11D3-BF4B-00C04F79EFBC}") = "Engine.Context", "examples\car\src\Engine.Context\Engine.Context.csproj", "{DF5ABC50-94AF-424E-ABF3-F5DC0D32DDA8}"
EndProject
Project("{FAE04EC0-301F-11D3-BF4B-00C04F79EFBC}") = "Engine.Behavior.Tests", "examples\car\tests\Engine.Behavior.Tests\Engine.Behavior.Tests.csproj", "{8917AD99-8E61-45F7-B3C3-00F44A0B1A07}"
EndProject
Project("{FAE04EC0-301F-11D3-BF4B-00C04F79EFBC}") = "Engine.Client.Tests", "examples\car\tests\Engine.Client.Tests\Engine.Client.Tests.csproj", "{0F2D1410-9A94-4E85-81D5-EF3F3AC01E9C}"
EndProject
Project("{FAE04EC0-301F-11D3-BF4B-00C04F79EFBC}") = "Engine.Context.Tests", "examples\car\tests\Engine.Context.Tests\Engine.Context.Tests.csproj", "{92B4F111-B62D-4E07-BB2A-97C7BCE7BC9B}"
EndProject
Project("{FAE04EC0-301F-11D3-BF4B-00C04F79EFBC}") = "Engine.Contract.Tests", "examples\car\tests\Engine.Contract.Tests\Engine.Contract.Tests.csproj", "{C35AA420-DA37-41B8-8559-5BDB9B29086E}"
EndProject
Project("{FAE04EC0-301F-11D3-BF4B-00C04F79EFBC}") = "Engine.Drivers.Tests", "examples\car\tests\Engine.Drivers.Tests\Engine.Drivers.Tests.csproj", "{68A6A0E0-0695-4DA3-A6C3-B3D8C2A85467}"
EndProject
Project("{FAE04EC0-301F-11D3-BF4B-00C04F79EFBC}") = "Engine.TestUtils", "examples\car\src\Engine.TestUtils\Engine.TestUtils.csproj", "{13B328B6-F43B-4A7D-8FD0-4EE0D72AAEF8}"
EndProject
Project("{FAE04EC0-301F-11D3-BF4B-00C04F79EFBC}") = "Engine.Client", "examples\car\src\Engine.Client\Engine.Client.csproj", "{92746DFD-0E92-48AF-A7A4-CCAA5ADBF338}"
EndProject
Project("{FAE04EC0-301F-11D3-BF4B-00C04F79EFBC}") = "Engine.Api.Cmd", "examples\car\src\Engine.Api.Cmd\Engine.Api.Cmd.csproj", "{74841933-EE53-46BA-B495-E27679D603BF}"
EndProject
Project("{FAE04EC0-301F-11D3-BF4B-00C04F79EFBC}") = "Engine.Cmd", "examples\car\src\Engine.Cmd\Engine.Cmd.csproj", "{E8C4991E-2E52-4799-9CFB-1B27879687A4}"
EndProject
Global
	GlobalSection(SolutionConfigurationPlatforms) = preSolution
		Debug|Any CPU = Debug|Any CPU
		Release|Any CPU = Release|Any CPU
	EndGlobalSection
	GlobalSection(SolutionProperties) = preSolution
		HideSolutionNode = FALSE
	EndGlobalSection
	GlobalSection(ProjectConfigurationPlatforms) = postSolution
		{DA80A1A2-5281-40D8-8B88-FCC0F65E3F18}.Debug|Any CPU.ActiveCfg = Debug|Any CPU
		{DA80A1A2-5281-40D8-8B88-FCC0F65E3F18}.Debug|Any CPU.Build.0 = Debug|Any CPU
		{DA80A1A2-5281-40D8-8B88-FCC0F65E3F18}.Release|Any CPU.ActiveCfg = Release|Any CPU
		{DA80A1A2-5281-40D8-8B88-FCC0F65E3F18}.Release|Any CPU.Build.0 = Release|Any CPU
		{562FCF51-E1F0-4F78-A137-0633ADAB7A59}.Debug|Any CPU.ActiveCfg = Debug|Any CPU
		{562FCF51-E1F0-4F78-A137-0633ADAB7A59}.Debug|Any CPU.Build.0 = Debug|Any CPU
		{562FCF51-E1F0-4F78-A137-0633ADAB7A59}.Release|Any CPU.ActiveCfg = Release|Any CPU
		{562FCF51-E1F0-4F78-A137-0633ADAB7A59}.Release|Any CPU.Build.0 = Release|Any CPU
		{BE2939A4-8964-41E4-B0E8-CD2090585F5F}.Debug|Any CPU.ActiveCfg = Debug|Any CPU
		{BE2939A4-8964-41E4-B0E8-CD2090585F5F}.Debug|Any CPU.Build.0 = Debug|Any CPU
		{BE2939A4-8964-41E4-B0E8-CD2090585F5F}.Release|Any CPU.ActiveCfg = Release|Any CPU
		{BE2939A4-8964-41E4-B0E8-CD2090585F5F}.Release|Any CPU.Build.0 = Release|Any CPU
		{252AE37F-82CA-4344-88FE-49F6CB8429F4}.Debug|Any CPU.ActiveCfg = Debug|Any CPU
		{252AE37F-82CA-4344-88FE-49F6CB8429F4}.Debug|Any CPU.Build.0 = Debug|Any CPU
		{252AE37F-82CA-4344-88FE-49F6CB8429F4}.Release|Any CPU.ActiveCfg = Release|Any CPU
		{252AE37F-82CA-4344-88FE-49F6CB8429F4}.Release|Any CPU.Build.0 = Release|Any CPU
		{AD650C8D-466B-4993-A308-B05455689513}.Debug|Any CPU.ActiveCfg = Debug|Any CPU
		{AD650C8D-466B-4993-A308-B05455689513}.Debug|Any CPU.Build.0 = Debug|Any CPU
		{AD650C8D-466B-4993-A308-B05455689513}.Release|Any CPU.ActiveCfg = Release|Any CPU
		{AD650C8D-466B-4993-A308-B05455689513}.Release|Any CPU.Build.0 = Release|Any CPU
		{BF52C431-E42A-4035-B407-F1E726CAD617}.Debug|Any CPU.ActiveCfg = Debug|Any CPU
		{BF52C431-E42A-4035-B407-F1E726CAD617}.Debug|Any CPU.Build.0 = Debug|Any CPU
		{BF52C431-E42A-4035-B407-F1E726CAD617}.Release|Any CPU.ActiveCfg = Release|Any CPU
		{BF52C431-E42A-4035-B407-F1E726CAD617}.Release|Any CPU.Build.0 = Release|Any CPU
		{E2F444E1-C9B3-449E-9AD0-42EE9AFD44C4}.Debug|Any CPU.ActiveCfg = Debug|Any CPU
		{E2F444E1-C9B3-449E-9AD0-42EE9AFD44C4}.Debug|Any CPU.Build.0 = Debug|Any CPU
		{E2F444E1-C9B3-449E-9AD0-42EE9AFD44C4}.Release|Any CPU.ActiveCfg = Release|Any CPU
		{E2F444E1-C9B3-449E-9AD0-42EE9AFD44C4}.Release|Any CPU.Build.0 = Release|Any CPU
		{FCE11813-B5BB-49D7-87E1-DD2994C9AFB8}.Debug|Any CPU.ActiveCfg = Debug|Any CPU
		{FCE11813-B5BB-49D7-87E1-DD2994C9AFB8}.Debug|Any CPU.Build.0 = Debug|Any CPU
		{FCE11813-B5BB-49D7-87E1-DD2994C9AFB8}.Release|Any CPU.ActiveCfg = Release|Any CPU
		{FCE11813-B5BB-49D7-87E1-DD2994C9AFB8}.Release|Any CPU.Build.0 = Release|Any CPU
		{D8390977-E727-4ECE-8C5A-EF0CC201AC14}.Debug|Any CPU.ActiveCfg = Debug|Any CPU
		{D8390977-E727-4ECE-8C5A-EF0CC201AC14}.Debug|Any CPU.Build.0 = Debug|Any CPU
		{D8390977-E727-4ECE-8C5A-EF0CC201AC14}.Release|Any CPU.ActiveCfg = Release|Any CPU
		{D8390977-E727-4ECE-8C5A-EF0CC201AC14}.Release|Any CPU.Build.0 = Release|Any CPU
		{31F66475-17D4-4014-A016-81F06C1F30CA}.Debug|Any CPU.ActiveCfg = Debug|Any CPU
		{31F66475-17D4-4014-A016-81F06C1F30CA}.Debug|Any CPU.Build.0 = Debug|Any CPU
		{31F66475-17D4-4014-A016-81F06C1F30CA}.Release|Any CPU.ActiveCfg = Release|Any CPU
		{31F66475-17D4-4014-A016-81F06C1F30CA}.Release|Any CPU.Build.0 = Release|Any CPU
		{261CFCCF-C1BD-498F-8225-BE5A3C50EE51}.Debug|Any CPU.ActiveCfg = Debug|Any CPU
		{261CFCCF-C1BD-498F-8225-BE5A3C50EE51}.Debug|Any CPU.Build.0 = Debug|Any CPU
		{261CFCCF-C1BD-498F-8225-BE5A3C50EE51}.Release|Any CPU.ActiveCfg = Release|Any CPU
		{261CFCCF-C1BD-498F-8225-BE5A3C50EE51}.Release|Any CPU.Build.0 = Release|Any CPU
		{9A13A8A2-AE84-4012-A397-9AC171E52C35}.Debug|Any CPU.ActiveCfg = Debug|Any CPU
		{9A13A8A2-AE84-4012-A397-9AC171E52C35}.Debug|Any CPU.Build.0 = Debug|Any CPU
		{9A13A8A2-AE84-4012-A397-9AC171E52C35}.Release|Any CPU.ActiveCfg = Release|Any CPU
		{9A13A8A2-AE84-4012-A397-9AC171E52C35}.Release|Any CPU.Build.0 = Release|Any CPU
		{3A1D26F1-C97D-490A-88F5-95C1F2A960BE}.Debug|Any CPU.ActiveCfg = Debug|Any CPU
		{3A1D26F1-C97D-490A-88F5-95C1F2A960BE}.Debug|Any CPU.Build.0 = Debug|Any CPU
		{3A1D26F1-C97D-490A-88F5-95C1F2A960BE}.Release|Any CPU.ActiveCfg = Release|Any CPU
		{3A1D26F1-C97D-490A-88F5-95C1F2A960BE}.Release|Any CPU.Build.0 = Release|Any CPU
		{B6297557-1CB1-4AF7-AF45-EBD3D9AD7EEA}.Debug|Any CPU.ActiveCfg = Debug|Any CPU
		{B6297557-1CB1-4AF7-AF45-EBD3D9AD7EEA}.Debug|Any CPU.Build.0 = Debug|Any CPU
		{B6297557-1CB1-4AF7-AF45-EBD3D9AD7EEA}.Release|Any CPU.ActiveCfg = Release|Any CPU
		{B6297557-1CB1-4AF7-AF45-EBD3D9AD7EEA}.Release|Any CPU.Build.0 = Release|Any CPU
		{1C372F09-FA35-4C32-967A-411BE550E00C}.Debug|Any CPU.ActiveCfg = Debug|Any CPU
		{1C372F09-FA35-4C32-967A-411BE550E00C}.Debug|Any CPU.Build.0 = Debug|Any CPU
		{1C372F09-FA35-4C32-967A-411BE550E00C}.Release|Any CPU.ActiveCfg = Release|Any CPU
		{1C372F09-FA35-4C32-967A-411BE550E00C}.Release|Any CPU.Build.0 = Release|Any CPU
		{CFB29895-879C-40E0-B20E-EFCC05225EB7}.Debug|Any CPU.ActiveCfg = Debug|Any CPU
		{CFB29895-879C-40E0-B20E-EFCC05225EB7}.Debug|Any CPU.Build.0 = Debug|Any CPU
		{CFB29895-879C-40E0-B20E-EFCC05225EB7}.Release|Any CPU.ActiveCfg = Release|Any CPU
		{CFB29895-879C-40E0-B20E-EFCC05225EB7}.Release|Any CPU.Build.0 = Release|Any CPU
		{C27F0C3F-58B7-4714-8EDD-D0920007B426}.Debug|Any CPU.ActiveCfg = Debug|Any CPU
		{C27F0C3F-58B7-4714-8EDD-D0920007B426}.Debug|Any CPU.Build.0 = Debug|Any CPU
		{C27F0C3F-58B7-4714-8EDD-D0920007B426}.Release|Any CPU.ActiveCfg = Release|Any CPU
		{C27F0C3F-58B7-4714-8EDD-D0920007B426}.Release|Any CPU.Build.0 = Release|Any CPU
		{D86ABEE0-1624-4E6F-BBB3-8F8563040C50}.Debug|Any CPU.ActiveCfg = Debug|Any CPU
		{D86ABEE0-1624-4E6F-BBB3-8F8563040C50}.Debug|Any CPU.Build.0 = Debug|Any CPU
		{D86ABEE0-1624-4E6F-BBB3-8F8563040C50}.Release|Any CPU.ActiveCfg = Release|Any CPU
		{D86ABEE0-1624-4E6F-BBB3-8F8563040C50}.Release|Any CPU.Build.0 = Release|Any CPU
		{55ABBE76-F735-4D22-8CBD-96B61D2FA39E}.Debug|Any CPU.ActiveCfg = Debug|Any CPU
		{55ABBE76-F735-4D22-8CBD-96B61D2FA39E}.Debug|Any CPU.Build.0 = Debug|Any CPU
		{55ABBE76-F735-4D22-8CBD-96B61D2FA39E}.Release|Any CPU.ActiveCfg = Release|Any CPU
		{55ABBE76-F735-4D22-8CBD-96B61D2FA39E}.Release|Any CPU.Build.0 = Release|Any CPU
		{8E5B8590-1E73-4695-A859-3D057F656240}.Debug|Any CPU.ActiveCfg = Debug|Any CPU
		{8E5B8590-1E73-4695-A859-3D057F656240}.Debug|Any CPU.Build.0 = Debug|Any CPU
		{8E5B8590-1E73-4695-A859-3D057F656240}.Release|Any CPU.ActiveCfg = Release|Any CPU
		{8E5B8590-1E73-4695-A859-3D057F656240}.Release|Any CPU.Build.0 = Release|Any CPU
		{6096B5D5-A5F6-447B-A7DF-47C9895E520D}.Debug|Any CPU.ActiveCfg = Debug|Any CPU
		{6096B5D5-A5F6-447B-A7DF-47C9895E520D}.Debug|Any CPU.Build.0 = Debug|Any CPU
		{6096B5D5-A5F6-447B-A7DF-47C9895E520D}.Release|Any CPU.ActiveCfg = Release|Any CPU
		{6096B5D5-A5F6-447B-A7DF-47C9895E520D}.Release|Any CPU.Build.0 = Release|Any CPU
		{9A389650-9FDA-4B7C-A115-123644C9BA3C}.Debug|Any CPU.ActiveCfg = Debug|Any CPU
		{9A389650-9FDA-4B7C-A115-123644C9BA3C}.Debug|Any CPU.Build.0 = Debug|Any CPU
		{9A389650-9FDA-4B7C-A115-123644C9BA3C}.Release|Any CPU.ActiveCfg = Release|Any CPU
		{9A389650-9FDA-4B7C-A115-123644C9BA3C}.Release|Any CPU.Build.0 = Release|Any CPU
		{FE9ADB71-CD22-4E38-A713-4C263F75EA55}.Debug|Any CPU.ActiveCfg = Debug|Any CPU
		{FE9ADB71-CD22-4E38-A713-4C263F75EA55}.Debug|Any CPU.Build.0 = Debug|Any CPU
		{FE9ADB71-CD22-4E38-A713-4C263F75EA55}.Release|Any CPU.ActiveCfg = Release|Any CPU
		{FE9ADB71-CD22-4E38-A713-4C263F75EA55}.Release|Any CPU.Build.0 = Release|Any CPU
		{C2B6A94D-791A-4ED9-ADD9-28EE00364847}.Debug|Any CPU.ActiveCfg = Debug|Any CPU
		{C2B6A94D-791A-4ED9-ADD9-28EE00364847}.Debug|Any CPU.Build.0 = Debug|Any CPU
		{C2B6A94D-791A-4ED9-ADD9-28EE00364847}.Release|Any CPU.ActiveCfg = Release|Any CPU
		{C2B6A94D-791A-4ED9-ADD9-28EE00364847}.Release|Any CPU.Build.0 = Release|Any CPU
		{BF706BF8-8670-4165-8A75-135E8F6A7F73}.Debug|Any CPU.ActiveCfg = Debug|Any CPU
		{BF706BF8-8670-4165-8A75-135E8F6A7F73}.Debug|Any CPU.Build.0 = Debug|Any CPU
		{BF706BF8-8670-4165-8A75-135E8F6A7F73}.Release|Any CPU.ActiveCfg = Release|Any CPU
		{BF706BF8-8670-4165-8A75-135E8F6A7F73}.Release|Any CPU.Build.0 = Release|Any CPU
		{91CFB0DB-C86D-48E5-A0B1-FA38D53A63FF}.Debug|Any CPU.ActiveCfg = Debug|Any CPU
		{91CFB0DB-C86D-48E5-A0B1-FA38D53A63FF}.Debug|Any CPU.Build.0 = Debug|Any CPU
		{91CFB0DB-C86D-48E5-A0B1-FA38D53A63FF}.Release|Any CPU.ActiveCfg = Release|Any CPU
		{91CFB0DB-C86D-48E5-A0B1-FA38D53A63FF}.Release|Any CPU.Build.0 = Release|Any CPU
		{FFAA69A6-7D46-4557-B78A-F081E8DDE52F}.Debug|Any CPU.ActiveCfg = Debug|Any CPU
		{FFAA69A6-7D46-4557-B78A-F081E8DDE52F}.Debug|Any CPU.Build.0 = Debug|Any CPU
		{FFAA69A6-7D46-4557-B78A-F081E8DDE52F}.Release|Any CPU.ActiveCfg = Release|Any CPU
		{FFAA69A6-7D46-4557-B78A-F081E8DDE52F}.Release|Any CPU.Build.0 = Release|Any CPU
		{29977B03-EC6A-4726-B3A7-A902969E50CC}.Debug|Any CPU.ActiveCfg = Debug|Any CPU
		{29977B03-EC6A-4726-B3A7-A902969E50CC}.Debug|Any CPU.Build.0 = Debug|Any CPU
		{29977B03-EC6A-4726-B3A7-A902969E50CC}.Release|Any CPU.ActiveCfg = Release|Any CPU
		{29977B03-EC6A-4726-B3A7-A902969E50CC}.Release|Any CPU.Build.0 = Release|Any CPU
		{14722245-B687-4875-94E8-E1F859F7273E}.Debug|Any CPU.ActiveCfg = Debug|Any CPU
		{14722245-B687-4875-94E8-E1F859F7273E}.Debug|Any CPU.Build.0 = Debug|Any CPU
		{14722245-B687-4875-94E8-E1F859F7273E}.Release|Any CPU.ActiveCfg = Release|Any CPU
		{14722245-B687-4875-94E8-E1F859F7273E}.Release|Any CPU.Build.0 = Release|Any CPU
		{7ED43FCE-D7FA-400E-8EB2-D6524DB7E04A}.Debug|Any CPU.ActiveCfg = Debug|Any CPU
		{7ED43FCE-D7FA-400E-8EB2-D6524DB7E04A}.Debug|Any CPU.Build.0 = Debug|Any CPU
		{7ED43FCE-D7FA-400E-8EB2-D6524DB7E04A}.Release|Any CPU.ActiveCfg = Release|Any CPU
		{7ED43FCE-D7FA-400E-8EB2-D6524DB7E04A}.Release|Any CPU.Build.0 = Release|Any CPU
		{170D0237-D3DE-460E-A118-8DC65C71D687}.Debug|Any CPU.ActiveCfg = Debug|Any CPU
		{170D0237-D3DE-460E-A118-8DC65C71D687}.Debug|Any CPU.Build.0 = Debug|Any CPU
		{170D0237-D3DE-460E-A118-8DC65C71D687}.Release|Any CPU.ActiveCfg = Release|Any CPU
		{170D0237-D3DE-460E-A118-8DC65C71D687}.Release|Any CPU.Build.0 = Release|Any CPU
		{AE1A13E8-F87E-44EE-A1F1-F57D711FC953}.Debug|Any CPU.ActiveCfg = Debug|Any CPU
		{AE1A13E8-F87E-44EE-A1F1-F57D711FC953}.Debug|Any CPU.Build.0 = Debug|Any CPU
		{AE1A13E8-F87E-44EE-A1F1-F57D711FC953}.Release|Any CPU.ActiveCfg = Release|Any CPU
		{AE1A13E8-F87E-44EE-A1F1-F57D711FC953}.Release|Any CPU.Build.0 = Release|Any CPU
		{E3C6CA4A-5F78-44F4-AD5E-2894F4E561E8}.Debug|Any CPU.ActiveCfg = Debug|Any CPU
		{E3C6CA4A-5F78-44F4-AD5E-2894F4E561E8}.Debug|Any CPU.Build.0 = Debug|Any CPU
		{E3C6CA4A-5F78-44F4-AD5E-2894F4E561E8}.Release|Any CPU.ActiveCfg = Release|Any CPU
		{E3C6CA4A-5F78-44F4-AD5E-2894F4E561E8}.Release|Any CPU.Build.0 = Release|Any CPU
		{40927A27-53C8-4583-A3A9-8AF8173FC799}.Debug|Any CPU.ActiveCfg = Debug|Any CPU
		{40927A27-53C8-4583-A3A9-8AF8173FC799}.Debug|Any CPU.Build.0 = Debug|Any CPU
		{40927A27-53C8-4583-A3A9-8AF8173FC799}.Release|Any CPU.ActiveCfg = Release|Any CPU
		{40927A27-53C8-4583-A3A9-8AF8173FC799}.Release|Any CPU.Build.0 = Release|Any CPU
		{F9A89CF1-227B-40A8-A399-C088ECC91152}.Debug|Any CPU.ActiveCfg = Debug|Any CPU
		{F9A89CF1-227B-40A8-A399-C088ECC91152}.Debug|Any CPU.Build.0 = Debug|Any CPU
		{F9A89CF1-227B-40A8-A399-C088ECC91152}.Release|Any CPU.ActiveCfg = Release|Any CPU
		{F9A89CF1-227B-40A8-A399-C088ECC91152}.Release|Any CPU.Build.0 = Release|Any CPU
		{F27120C6-4AB9-4EA1-9347-474F8E4FF8EF}.Debug|Any CPU.ActiveCfg = Debug|Any CPU
		{F27120C6-4AB9-4EA1-9347-474F8E4FF8EF}.Debug|Any CPU.Build.0 = Debug|Any CPU
		{F27120C6-4AB9-4EA1-9347-474F8E4FF8EF}.Release|Any CPU.ActiveCfg = Release|Any CPU
		{F27120C6-4AB9-4EA1-9347-474F8E4FF8EF}.Release|Any CPU.Build.0 = Release|Any CPU
		{DF5ABC50-94AF-424E-ABF3-F5DC0D32DDA8}.Debug|Any CPU.ActiveCfg = Debug|Any CPU
		{DF5ABC50-94AF-424E-ABF3-F5DC0D32DDA8}.Debug|Any CPU.Build.0 = Debug|Any CPU
		{DF5ABC50-94AF-424E-ABF3-F5DC0D32DDA8}.Release|Any CPU.ActiveCfg = Release|Any CPU
		{DF5ABC50-94AF-424E-ABF3-F5DC0D32DDA8}.Release|Any CPU.Build.0 = Release|Any CPU
		{8917AD99-8E61-45F7-B3C3-00F44A0B1A07}.Debug|Any CPU.ActiveCfg = Debug|Any CPU
		{8917AD99-8E61-45F7-B3C3-00F44A0B1A07}.Debug|Any CPU.Build.0 = Debug|Any CPU
		{8917AD99-8E61-45F7-B3C3-00F44A0B1A07}.Release|Any CPU.ActiveCfg = Release|Any CPU
		{8917AD99-8E61-45F7-B3C3-00F44A0B1A07}.Release|Any CPU.Build.0 = Release|Any CPU
		{0F2D1410-9A94-4E85-81D5-EF3F3AC01E9C}.Debug|Any CPU.ActiveCfg = Debug|Any CPU
		{0F2D1410-9A94-4E85-81D5-EF3F3AC01E9C}.Debug|Any CPU.Build.0 = Debug|Any CPU
		{0F2D1410-9A94-4E85-81D5-EF3F3AC01E9C}.Release|Any CPU.ActiveCfg = Release|Any CPU
		{0F2D1410-9A94-4E85-81D5-EF3F3AC01E9C}.Release|Any CPU.Build.0 = Release|Any CPU
		{92B4F111-B62D-4E07-BB2A-97C7BCE7BC9B}.Debug|Any CPU.ActiveCfg = Debug|Any CPU
		{92B4F111-B62D-4E07-BB2A-97C7BCE7BC9B}.Debug|Any CPU.Build.0 = Debug|Any CPU
		{92B4F111-B62D-4E07-BB2A-97C7BCE7BC9B}.Release|Any CPU.ActiveCfg = Release|Any CPU
		{92B4F111-B62D-4E07-BB2A-97C7BCE7BC9B}.Release|Any CPU.Build.0 = Release|Any CPU
		{C35AA420-DA37-41B8-8559-5BDB9B29086E}.Debug|Any CPU.ActiveCfg = Debug|Any CPU
		{C35AA420-DA37-41B8-8559-5BDB9B29086E}.Debug|Any CPU.Build.0 = Debug|Any CPU
		{C35AA420-DA37-41B8-8559-5BDB9B29086E}.Release|Any CPU.ActiveCfg = Release|Any CPU
		{C35AA420-DA37-41B8-8559-5BDB9B29086E}.Release|Any CPU.Build.0 = Release|Any CPU
		{68A6A0E0-0695-4DA3-A6C3-B3D8C2A85467}.Debug|Any CPU.ActiveCfg = Debug|Any CPU
		{68A6A0E0-0695-4DA3-A6C3-B3D8C2A85467}.Debug|Any CPU.Build.0 = Debug|Any CPU
		{68A6A0E0-0695-4DA3-A6C3-B3D8C2A85467}.Release|Any CPU.ActiveCfg = Release|Any CPU
		{68A6A0E0-0695-4DA3-A6C3-B3D8C2A85467}.Release|Any CPU.Build.0 = Release|Any CPU
		{13B328B6-F43B-4A7D-8FD0-4EE0D72AAEF8}.Debug|Any CPU.ActiveCfg = Debug|Any CPU
		{13B328B6-F43B-4A7D-8FD0-4EE0D72AAEF8}.Debug|Any CPU.Build.0 = Debug|Any CPU
		{13B328B6-F43B-4A7D-8FD0-4EE0D72AAEF8}.Release|Any CPU.ActiveCfg = Release|Any CPU
		{13B328B6-F43B-4A7D-8FD0-4EE0D72AAEF8}.Release|Any CPU.Build.0 = Release|Any CPU
		{92746DFD-0E92-48AF-A7A4-CCAA5ADBF338}.Debug|Any CPU.ActiveCfg = Debug|Any CPU
		{92746DFD-0E92-48AF-A7A4-CCAA5ADBF338}.Debug|Any CPU.Build.0 = Debug|Any CPU
		{92746DFD-0E92-48AF-A7A4-CCAA5ADBF338}.Release|Any CPU.ActiveCfg = Release|Any CPU
		{92746DFD-0E92-48AF-A7A4-CCAA5ADBF338}.Release|Any CPU.Build.0 = Release|Any CPU
		{74841933-EE53-46BA-B495-E27679D603BF}.Debug|Any CPU.ActiveCfg = Debug|Any CPU
		{74841933-EE53-46BA-B495-E27679D603BF}.Debug|Any CPU.Build.0 = Debug|Any CPU
		{74841933-EE53-46BA-B495-E27679D603BF}.Release|Any CPU.ActiveCfg = Release|Any CPU
		{74841933-EE53-46BA-B495-E27679D603BF}.Release|Any CPU.Build.0 = Release|Any CPU
		{E8C4991E-2E52-4799-9CFB-1B27879687A4}.Debug|Any CPU.ActiveCfg = Debug|Any CPU
		{E8C4991E-2E52-4799-9CFB-1B27879687A4}.Debug|Any CPU.Build.0 = Debug|Any CPU
		{E8C4991E-2E52-4799-9CFB-1B27879687A4}.Release|Any CPU.ActiveCfg = Release|Any CPU
		{E8C4991E-2E52-4799-9CFB-1B27879687A4}.Release|Any CPU.Build.0 = Release|Any CPU
	EndGlobalSection
	GlobalSection(NestedProjects) = preSolution
		{DA80A1A2-5281-40D8-8B88-FCC0F65E3F18} = {0FF5546C-D563-4DF5-BF41-0D5C85C5AF6E}
		{562FCF51-E1F0-4F78-A137-0633ADAB7A59} = {EDEBE9BD-18DC-437E-A7A6-D469A44403AF}
		{BE2939A4-8964-41E4-B0E8-CD2090585F5F} = {EDEBE9BD-18DC-437E-A7A6-D469A44403AF}
		{252AE37F-82CA-4344-88FE-49F6CB8429F4} = {EDEBE9BD-18DC-437E-A7A6-D469A44403AF}
		{AD650C8D-466B-4993-A308-B05455689513} = {EDEBE9BD-18DC-437E-A7A6-D469A44403AF}
		{BF52C431-E42A-4035-B407-F1E726CAD617} = {EDEBE9BD-18DC-437E-A7A6-D469A44403AF}
		{E2F444E1-C9B3-449E-9AD0-42EE9AFD44C4} = {EDEBE9BD-18DC-437E-A7A6-D469A44403AF}
		{FCE11813-B5BB-49D7-87E1-DD2994C9AFB8} = {EDEBE9BD-18DC-437E-A7A6-D469A44403AF}
		{D8390977-E727-4ECE-8C5A-EF0CC201AC14} = {EDEBE9BD-18DC-437E-A7A6-D469A44403AF}
		{31F66475-17D4-4014-A016-81F06C1F30CA} = {0FF5546C-D563-4DF5-BF41-0D5C85C5AF6E}
		{261CFCCF-C1BD-498F-8225-BE5A3C50EE51} = {EDEBE9BD-18DC-437E-A7A6-D469A44403AF}
		{9A13A8A2-AE84-4012-A397-9AC171E52C35} = {EDEBE9BD-18DC-437E-A7A6-D469A44403AF}
		{3A1D26F1-C97D-490A-88F5-95C1F2A960BE} = {EDEBE9BD-18DC-437E-A7A6-D469A44403AF}
		{B6297557-1CB1-4AF7-AF45-EBD3D9AD7EEA} = {EDEBE9BD-18DC-437E-A7A6-D469A44403AF}
		{1C372F09-FA35-4C32-967A-411BE550E00C} = {EDEBE9BD-18DC-437E-A7A6-D469A44403AF}
		{CFB29895-879C-40E0-B20E-EFCC05225EB7} = {EDEBE9BD-18DC-437E-A7A6-D469A44403AF}
		{C27F0C3F-58B7-4714-8EDD-D0920007B426} = {EDEBE9BD-18DC-437E-A7A6-D469A44403AF}
		{D86ABEE0-1624-4E6F-BBB3-8F8563040C50} = {EDEBE9BD-18DC-437E-A7A6-D469A44403AF}
		{13625733-5471-49E9-9FB9-04C93AEEE659} = {2EAFB305-0A4C-4712-9C71-68332556FDA5}
		{55ABBE76-F735-4D22-8CBD-96B61D2FA39E} = {0FF5546C-D563-4DF5-BF41-0D5C85C5AF6E}
		{8E5B8590-1E73-4695-A859-3D057F656240} = {EDEBE9BD-18DC-437E-A7A6-D469A44403AF}
		{6096B5D5-A5F6-447B-A7DF-47C9895E520D} = {EDEBE9BD-18DC-437E-A7A6-D469A44403AF}
		{9A389650-9FDA-4B7C-A115-123644C9BA3C} = {0FF5546C-D563-4DF5-BF41-0D5C85C5AF6E}
		{FE9ADB71-CD22-4E38-A713-4C263F75EA55} = {EDEBE9BD-18DC-437E-A7A6-D469A44403AF}
		{C2B6A94D-791A-4ED9-ADD9-28EE00364847} = {EDEBE9BD-18DC-437E-A7A6-D469A44403AF}
		{BF706BF8-8670-4165-8A75-135E8F6A7F73} = {EDEBE9BD-18DC-437E-A7A6-D469A44403AF}
		{91CFB0DB-C86D-48E5-A0B1-FA38D53A63FF} = {EDEBE9BD-18DC-437E-A7A6-D469A44403AF}
		{FFAA69A6-7D46-4557-B78A-F081E8DDE52F} = {EDEBE9BD-18DC-437E-A7A6-D469A44403AF}
		{29977B03-EC6A-4726-B3A7-A902969E50CC} = {EDEBE9BD-18DC-437E-A7A6-D469A44403AF}
		{14722245-B687-4875-94E8-E1F859F7273E} = {5F3E23BC-1C86-4C10-91B0-75F7105C0474}
		{7ED43FCE-D7FA-400E-8EB2-D6524DB7E04A} = {5F3E23BC-1C86-4C10-91B0-75F7105C0474}
		{170D0237-D3DE-460E-A118-8DC65C71D687} = {5F3E23BC-1C86-4C10-91B0-75F7105C0474}
		{AE1A13E8-F87E-44EE-A1F1-F57D711FC953} = {5F3E23BC-1C86-4C10-91B0-75F7105C0474}
		{E3C6CA4A-5F78-44F4-AD5E-2894F4E561E8} = {0FF5546C-D563-4DF5-BF41-0D5C85C5AF6E}
		{40927A27-53C8-4583-A3A9-8AF8173FC799} = {5F3E23BC-1C86-4C10-91B0-75F7105C0474}
		{C2C3F717-4CD4-4D20-AABF-96BB94C13420} = {13625733-5471-49E9-9FB9-04C93AEEE659}
		{232042B3-92DF-4C33-83F3-746810089D0B} = {13625733-5471-49E9-9FB9-04C93AEEE659}
		{F9A89CF1-227B-40A8-A399-C088ECC91152} = {C2C3F717-4CD4-4D20-AABF-96BB94C13420}
		{F27120C6-4AB9-4EA1-9347-474F8E4FF8EF} = {C2C3F717-4CD4-4D20-AABF-96BB94C13420}
		{DF5ABC50-94AF-424E-ABF3-F5DC0D32DDA8} = {C2C3F717-4CD4-4D20-AABF-96BB94C13420}
		{8917AD99-8E61-45F7-B3C3-00F44A0B1A07} = {232042B3-92DF-4C33-83F3-746810089D0B}
		{0F2D1410-9A94-4E85-81D5-EF3F3AC01E9C} = {232042B3-92DF-4C33-83F3-746810089D0B}
		{92B4F111-B62D-4E07-BB2A-97C7BCE7BC9B} = {232042B3-92DF-4C33-83F3-746810089D0B}
		{C35AA420-DA37-41B8-8559-5BDB9B29086E} = {232042B3-92DF-4C33-83F3-746810089D0B}
		{68A6A0E0-0695-4DA3-A6C3-B3D8C2A85467} = {232042B3-92DF-4C33-83F3-746810089D0B}
		{13B328B6-F43B-4A7D-8FD0-4EE0D72AAEF8} = {C2C3F717-4CD4-4D20-AABF-96BB94C13420}
		{92746DFD-0E92-48AF-A7A4-CCAA5ADBF338} = {C2C3F717-4CD4-4D20-AABF-96BB94C13420}
		{74841933-EE53-46BA-B495-E27679D603BF} = {C2C3F717-4CD4-4D20-AABF-96BB94C13420}
		{E8C4991E-2E52-4799-9CFB-1B27879687A4} = {C2C3F717-4CD4-4D20-AABF-96BB94C13420}
	EndGlobalSection
EndGlobal
